// !$*UTF8*$!
{
	archiveVersion = 1;
	classes = {
	};
	objectVersion = 46;
	objects = {

/* Begin PBXBuildFile section */
		52365510185D876000AB71DD /* libstackmob-v2.2.0.a in Frameworks */ = {isa = PBXBuildFile; fileRef = 93F20DE1185D85F100F546D4 /* libstackmob-v2.2.0.a */; };
		52365561185FC0BA00AB71DD /* libCorePlot-CocoaTouch.a in Frameworks */ = {isa = PBXBuildFile; fileRef = 52365560185FC0BA00AB71DD /* libCorePlot-CocoaTouch.a */; };
		52365563185FF02E00AB71DD /* silhouette.jpg in Resources */ = {isa = PBXBuildFile; fileRef = 52365562185FF02E00AB71DD /* silhouette.jpg */; };
		525122A017D774FC00A8782B /* FacebookSDK.framework in Frameworks */ = {isa = PBXBuildFile; fileRef = 5251229F17D774FC00A8782B /* FacebookSDK.framework */; };
		525122AD17D976CD00A8782B /* login_unpressed.png in Resources */ = {isa = PBXBuildFile; fileRef = 525122AB17D976CD00A8782B /* login_unpressed.png */; };
		525122AE17D976CD00A8782B /* login_pressed.png in Resources */ = {isa = PBXBuildFile; fileRef = 525122AC17D976CD00A8782B /* login_pressed.png */; };
		525122B717DF960900A8782B /* BT_TickerView.m in Sources */ = {isa = PBXBuildFile; fileRef = 525122B617DF960600A8782B /* BT_TickerView.m */; };
		525122BA17DF9D7700A8782B /* greenArrow.png in Resources */ = {isa = PBXBuildFile; fileRef = 525122B817DF9D7700A8782B /* greenArrow.png */; };
		525122BB17DF9D7700A8782B /* redArrow.png in Resources */ = {isa = PBXBuildFile; fileRef = 525122B917DF9D7700A8782B /* redArrow.png */; };
		525122BE17E0227200A8782B /* BT_PortfolioTileViewController.m in Sources */ = {isa = PBXBuildFile; fileRef = 525122BD17E0226F00A8782B /* BT_PortfolioTileViewController.m */; };
		525122C117E16C3200A8782B /* BT_RankingsViewController.m in Sources */ = {isa = PBXBuildFile; fileRef = 525122C017E16C3000A8782B /* BT_RankingsViewController.m */; };
		525122C417E1FD3F00A8782B /* BT_PieChartView.m in Sources */ = {isa = PBXBuildFile; fileRef = 525122C317E1FD3C00A8782B /* BT_PieChartView.m */; };
		528E8BA317E379B7006E21FB /* UIColor+BTFlatColors.m in Sources */ = {isa = PBXBuildFile; fileRef = 528E8BA217E379B7006E21FB /* UIColor+BTFlatColors.m */; };
		528E8BA417E37BD2006E21FB /* UIColor+BTFlatColors.m in Sources */ = {isa = PBXBuildFile; fileRef = 528E8BA217E379B7006E21FB /* UIColor+BTFlatColors.m */; };
		52D23B9917E25031000B6335 /* BT_SplashViewController.m in Sources */ = {isa = PBXBuildFile; fileRef = 52D23B9817E25031000B6335 /* BT_SplashViewController.m */; };
		52FD82AC180F24D000DCF967 /* BT_GraphAnimationView.m in Sources */ = {isa = PBXBuildFile; fileRef = 52FD82AB180F24D000DCF967 /* BT_GraphAnimationView.m */; };
		52FD82AE180F2CE300DCF967 /* QuartzCore.framework in Frameworks */ = {isa = PBXBuildFile; fileRef = 52FD82AD180F2CE300DCF967 /* QuartzCore.framework */; };
		7D06431D17BAE70800889177 /* BT_LoginViewController.m in Sources */ = {isa = PBXBuildFile; fileRef = 7D06431C17BAE70800889177 /* BT_LoginViewController.m */; };
		7DF8F95717BC7F91005553A1 /* User.m in Sources */ = {isa = PBXBuildFile; fileRef = 7DF8F95617BC7F91005553A1 /* User.m */; };
		9307A2EE17A43E6B00E647DF /* wallpaper.jpg in Resources */ = {isa = PBXBuildFile; fileRef = 9307A2ED17A43E6B00E647DF /* wallpaper.jpg */; };
		9307A2F417A44D2D00E647DF /* arrow-big-12.png in Resources */ = {isa = PBXBuildFile; fileRef = 9307A2EF17A44D2D00E647DF /* arrow-big-12.png */; };
		9307A2F517A44D2D00E647DF /* bar-chart.png in Resources */ = {isa = PBXBuildFile; fileRef = 9307A2F017A44D2D00E647DF /* bar-chart.png */; };
		9307A2F617A44D2D00E647DF /* briefcase.png in Resources */ = {isa = PBXBuildFile; fileRef = 9307A2F117A44D2D00E647DF /* briefcase.png */; };
		9307A2F717A44D2D00E647DF /* clock.png in Resources */ = {isa = PBXBuildFile; fileRef = 9307A2F217A44D2D00E647DF /* clock.png */; };
		9307A2F817A44D2D00E647DF /* home.png in Resources */ = {isa = PBXBuildFile; fileRef = 9307A2F317A44D2D00E647DF /* home.png */; };
		931713F417A3792200B7D377 /* Controller.m in Sources */ = {isa = PBXBuildFile; fileRef = 931713F317A3792200B7D377 /* Controller.m */; };
		931713F717A382DF00B7D377 /* BT_HistoryViewController.m in Sources */ = {isa = PBXBuildFile; fileRef = 931713F617A382DF00B7D377 /* BT_HistoryViewController.m */; };
		93294D7D17E4013A00CD7F42 /* CorePortfolioHistory.m in Sources */ = {isa = PBXBuildFile; fileRef = 93294D7C17E4013A00CD7F42 /* CorePortfolioHistory.m */; };
		93294D7F17E4029300CD7F42 /* portfoliohistory.txt in Resources */ = {isa = PBXBuildFile; fileRef = 93294D7E17E4029300CD7F42 /* portfoliohistory.txt */; };
		93C7138F17A3FCBC00258C6A /* themodel.xcdatamodeld in Sources */ = {isa = PBXBuildFile; fileRef = 93C7138D17A3FCBC00258C6A /* themodel.xcdatamodeld */; };
		93D5A0C517A3C72100ECA5D8 /* CoreData.framework in Frameworks */ = {isa = PBXBuildFile; fileRef = 93D5A0C417A3C72100ECA5D8 /* CoreData.framework */; };
		93D5A0C717A3C73100ECA5D8 /* Security.framework in Frameworks */ = {isa = PBXBuildFile; fileRef = 93D5A0C617A3C73100ECA5D8 /* Security.framework */; };
		93D5A0C917A3C73B00ECA5D8 /* SystemConfiguration.framework in Frameworks */ = {isa = PBXBuildFile; fileRef = 93D5A0C817A3C73B00ECA5D8 /* SystemConfiguration.framework */; };
		93D5A0CB17A3C74500ECA5D8 /* MobileCoreServices.framework in Frameworks */ = {isa = PBXBuildFile; fileRef = 93D5A0CA17A3C74500ECA5D8 /* MobileCoreServices.framework */; };
		93D5A0CD17A3C75300ECA5D8 /* CoreLocation.framework in Frameworks */ = {isa = PBXBuildFile; fileRef = 93D5A0CC17A3C75300ECA5D8 /* CoreLocation.framework */; };
		93DD2C5817A3E35900B3FE71 /* CoreTradeEvent.m in Sources */ = {isa = PBXBuildFile; fileRef = 93DD2C5717A3E35900B3FE71 /* CoreTradeEvent.m */; };
		93DD2C5B17A3E38300B3FE71 /* CoreStock.m in Sources */ = {isa = PBXBuildFile; fileRef = 93DD2C5A17A3E38300B3FE71 /* CoreStock.m */; };
		93DD2C5E17A3E39600B3FE71 /* CorePortfolio.m in Sources */ = {isa = PBXBuildFile; fileRef = 93DD2C5D17A3E39600B3FE71 /* CorePortfolio.m */; };
		93DD2C6117A3E3AB00B3FE71 /* CoreModel.m in Sources */ = {isa = PBXBuildFile; fileRef = 93DD2C6017A3E3AB00B3FE71 /* CoreModel.m */; };
		93E19F7C17A36420000D60B5 /* UIKit.framework in Frameworks */ = {isa = PBXBuildFile; fileRef = 93E19F7B17A36420000D60B5 /* UIKit.framework */; };
		93E19F7E17A36420000D60B5 /* Foundation.framework in Frameworks */ = {isa = PBXBuildFile; fileRef = 93E19F7D17A36420000D60B5 /* Foundation.framework */; };
		93E19F8017A36420000D60B5 /* CoreGraphics.framework in Frameworks */ = {isa = PBXBuildFile; fileRef = 93E19F7F17A36420000D60B5 /* CoreGraphics.framework */; };
		93E19F8617A36420000D60B5 /* InfoPlist.strings in Resources */ = {isa = PBXBuildFile; fileRef = 93E19F8417A36420000D60B5 /* InfoPlist.strings */; };
		93E19F8817A36420000D60B5 /* main.m in Sources */ = {isa = PBXBuildFile; fileRef = 93E19F8717A36420000D60B5 /* main.m */; };
		93E19F8C17A36420000D60B5 /* BT_AppDelegate.m in Sources */ = {isa = PBXBuildFile; fileRef = 93E19F8B17A36420000D60B5 /* BT_AppDelegate.m */; };
		93E19F8E17A36420000D60B5 /* Default.png in Resources */ = {isa = PBXBuildFile; fileRef = 93E19F8D17A36420000D60B5 /* Default.png */; };
		93E19F9017A36420000D60B5 /* Default@2x.png in Resources */ = {isa = PBXBuildFile; fileRef = 93E19F8F17A36420000D60B5 /* Default@2x.png */; };
		93E19F9217A36420000D60B5 /* Default-568h@2x.png in Resources */ = {isa = PBXBuildFile; fileRef = 93E19F9117A36420000D60B5 /* Default-568h@2x.png */; };
		93E19F9517A36420000D60B5 /* MainStoryboard.storyboard in Resources */ = {isa = PBXBuildFile; fileRef = 93E19F9317A36420000D60B5 /* MainStoryboard.storyboard */; };
		93E19F9817A36420000D60B5 /* BT_HomeViewController.m in Sources */ = {isa = PBXBuildFile; fileRef = 93E19F9717A36420000D60B5 /* BT_HomeViewController.m */; };
		93E19F9F17A36420000D60B5 /* BT_TradeViewController.m in Sources */ = {isa = PBXBuildFile; fileRef = 93E19F9E17A36420000D60B5 /* BT_TradeViewController.m */; };
		93E19FAB17A36420000D60B5 /* SenTestingKit.framework in Frameworks */ = {isa = PBXBuildFile; fileRef = 93E19FAA17A36420000D60B5 /* SenTestingKit.framework */; };
		93E19FAC17A36420000D60B5 /* UIKit.framework in Frameworks */ = {isa = PBXBuildFile; fileRef = 93E19F7B17A36420000D60B5 /* UIKit.framework */; };
		93E19FAD17A36420000D60B5 /* Foundation.framework in Frameworks */ = {isa = PBXBuildFile; fileRef = 93E19F7D17A36420000D60B5 /* Foundation.framework */; };
		93E19FB517A36420000D60B5 /* InfoPlist.strings in Resources */ = {isa = PBXBuildFile; fileRef = 93E19FB317A36420000D60B5 /* InfoPlist.strings */; };
		93E19FB817A36420000D60B5 /* BayTradeTests.m in Sources */ = {isa = PBXBuildFile; fileRef = 93E19FB717A36420000D60B5 /* BayTradeTests.m */; };
		93E19FC317A36492000D60B5 /* BT_TabBarController.m in Sources */ = {isa = PBXBuildFile; fileRef = 93E19FC217A36492000D60B5 /* BT_TabBarController.m */; };
		93E19FCB17A365E9000D60B5 /* Cache.m in Sources */ = {isa = PBXBuildFile; fileRef = 93E19FC817A365E8000D60B5 /* Cache.m */; };
		93F20DE2185D85F100F546D4 /* CHANGELOG.md in Resources */ = {isa = PBXBuildFile; fileRef = 93F20DAA185D85F100F546D4 /* CHANGELOG.md */; };
		93F4DEB0183821490004D8BA /* StockOrder.m in Sources */ = {isa = PBXBuildFile; fileRef = 93F4DEAF183821490004D8BA /* StockOrder.m */; };
/* End PBXBuildFile section */

/* Begin PBXContainerItemProxy section */
		93E19FAE17A36420000D60B5 /* PBXContainerItemProxy */ = {
			isa = PBXContainerItemProxy;
			containerPortal = 93E19F7017A36420000D60B5 /* Project object */;
			proxyType = 1;
			remoteGlobalIDString = 93E19F7717A36420000D60B5;
			remoteInfo = BayTrade;
		};
/* End PBXContainerItemProxy section */

/* Begin PBXFileReference section */
		52365512185FC07C00AB71DD /* CorePlot-CocoaTouch.h */ = {isa = PBXFileReference; fileEncoding = 4; lastKnownFileType = sourcecode.c.h; path = "CorePlot-CocoaTouch.h"; sourceTree = "<group>"; };
		52365513185FC07C00AB71DD /* CPTAnimation.h */ = {isa = PBXFileReference; fileEncoding = 4; lastKnownFileType = sourcecode.c.h; path = CPTAnimation.h; sourceTree = "<group>"; };
		52365514185FC07C00AB71DD /* CPTAnimationOperation.h */ = {isa = PBXFileReference; fileEncoding = 4; lastKnownFileType = sourcecode.c.h; path = CPTAnimationOperation.h; sourceTree = "<group>"; };
		52365515185FC07C00AB71DD /* CPTAnimationPeriod.h */ = {isa = PBXFileReference; fileEncoding = 4; lastKnownFileType = sourcecode.c.h; path = CPTAnimationPeriod.h; sourceTree = "<group>"; };
		52365516185FC07C00AB71DD /* CPTAnnotation.h */ = {isa = PBXFileReference; fileEncoding = 4; lastKnownFileType = sourcecode.c.h; path = CPTAnnotation.h; sourceTree = "<group>"; };
		52365517185FC07C00AB71DD /* CPTAnnotationHostLayer.h */ = {isa = PBXFileReference; fileEncoding = 4; lastKnownFileType = sourcecode.c.h; path = CPTAnnotationHostLayer.h; sourceTree = "<group>"; };
		52365518185FC07C00AB71DD /* CPTAxis.h */ = {isa = PBXFileReference; fileEncoding = 4; lastKnownFileType = sourcecode.c.h; path = CPTAxis.h; sourceTree = "<group>"; };
		52365519185FC07C00AB71DD /* CPTAxisLabel.h */ = {isa = PBXFileReference; fileEncoding = 4; lastKnownFileType = sourcecode.c.h; path = CPTAxisLabel.h; sourceTree = "<group>"; };
		5236551A185FC07C00AB71DD /* CPTAxisLabelGroup.h */ = {isa = PBXFileReference; fileEncoding = 4; lastKnownFileType = sourcecode.c.h; path = CPTAxisLabelGroup.h; sourceTree = "<group>"; };
		5236551B185FC07C00AB71DD /* CPTAxisSet.h */ = {isa = PBXFileReference; fileEncoding = 4; lastKnownFileType = sourcecode.c.h; path = CPTAxisSet.h; sourceTree = "<group>"; };
		5236551C185FC07C00AB71DD /* CPTAxisTitle.h */ = {isa = PBXFileReference; fileEncoding = 4; lastKnownFileType = sourcecode.c.h; path = CPTAxisTitle.h; sourceTree = "<group>"; };
		5236551D185FC07C00AB71DD /* CPTBarPlot.h */ = {isa = PBXFileReference; fileEncoding = 4; lastKnownFileType = sourcecode.c.h; path = CPTBarPlot.h; sourceTree = "<group>"; };
		5236551E185FC07C00AB71DD /* CPTBorderedLayer.h */ = {isa = PBXFileReference; fileEncoding = 4; lastKnownFileType = sourcecode.c.h; path = CPTBorderedLayer.h; sourceTree = "<group>"; };
		5236551F185FC07C00AB71DD /* CPTCalendarFormatter.h */ = {isa = PBXFileReference; fileEncoding = 4; lastKnownFileType = sourcecode.c.h; path = CPTCalendarFormatter.h; sourceTree = "<group>"; };
		52365520185FC07C00AB71DD /* CPTColor.h */ = {isa = PBXFileReference; fileEncoding = 4; lastKnownFileType = sourcecode.c.h; path = CPTColor.h; sourceTree = "<group>"; };
		52365521185FC07C00AB71DD /* CPTColorSpace.h */ = {isa = PBXFileReference; fileEncoding = 4; lastKnownFileType = sourcecode.c.h; path = CPTColorSpace.h; sourceTree = "<group>"; };
		52365522185FC07C00AB71DD /* CPTConstraints.h */ = {isa = PBXFileReference; fileEncoding = 4; lastKnownFileType = sourcecode.c.h; path = CPTConstraints.h; sourceTree = "<group>"; };
		52365523185FC07C00AB71DD /* CPTDataSourceTestCase.h */ = {isa = PBXFileReference; fileEncoding = 4; lastKnownFileType = sourcecode.c.h; path = CPTDataSourceTestCase.h; sourceTree = "<group>"; };
		52365524185FC07C00AB71DD /* CPTDefinitions.h */ = {isa = PBXFileReference; fileEncoding = 4; lastKnownFileType = sourcecode.c.h; path = CPTDefinitions.h; sourceTree = "<group>"; };
		52365525185FC07C00AB71DD /* CPTDerivedXYGraph.h */ = {isa = PBXFileReference; fileEncoding = 4; lastKnownFileType = sourcecode.c.h; path = CPTDerivedXYGraph.h; sourceTree = "<group>"; };
		52365526185FC07C00AB71DD /* CPTExceptions.h */ = {isa = PBXFileReference; fileEncoding = 4; lastKnownFileType = sourcecode.c.h; path = CPTExceptions.h; sourceTree = "<group>"; };
		52365527185FC07C00AB71DD /* CPTFill.h */ = {isa = PBXFileReference; fileEncoding = 4; lastKnownFileType = sourcecode.c.h; path = CPTFill.h; sourceTree = "<group>"; };
		52365528185FC07C00AB71DD /* CPTFunctionDataSource.h */ = {isa = PBXFileReference; fileEncoding = 4; lastKnownFileType = sourcecode.c.h; path = CPTFunctionDataSource.h; sourceTree = "<group>"; };
		52365529185FC07C00AB71DD /* CPTGradient.h */ = {isa = PBXFileReference; fileEncoding = 4; lastKnownFileType = sourcecode.c.h; path = CPTGradient.h; sourceTree = "<group>"; };
		5236552A185FC07C00AB71DD /* CPTGraph.h */ = {isa = PBXFileReference; fileEncoding = 4; lastKnownFileType = sourcecode.c.h; path = CPTGraph.h; sourceTree = "<group>"; };
		5236552B185FC07C00AB71DD /* CPTGraphHostingView.h */ = {isa = PBXFileReference; fileEncoding = 4; lastKnownFileType = sourcecode.c.h; path = CPTGraphHostingView.h; sourceTree = "<group>"; };
		5236552C185FC07C00AB71DD /* CPTGridLineGroup.h */ = {isa = PBXFileReference; fileEncoding = 4; lastKnownFileType = sourcecode.c.h; path = CPTGridLineGroup.h; sourceTree = "<group>"; };
		5236552D185FC07C00AB71DD /* CPTGridLines.h */ = {isa = PBXFileReference; fileEncoding = 4; lastKnownFileType = sourcecode.c.h; path = CPTGridLines.h; sourceTree = "<group>"; };
		5236552E185FC07C00AB71DD /* CPTImage.h */ = {isa = PBXFileReference; fileEncoding = 4; lastKnownFileType = sourcecode.c.h; path = CPTImage.h; sourceTree = "<group>"; };
		5236552F185FC07C00AB71DD /* CPTLayer.h */ = {isa = PBXFileReference; fileEncoding = 4; lastKnownFileType = sourcecode.c.h; path = CPTLayer.h; sourceTree = "<group>"; };
		52365530185FC07C00AB71DD /* CPTLayerAnnotation.h */ = {isa = PBXFileReference; fileEncoding = 4; lastKnownFileType = sourcecode.c.h; path = CPTLayerAnnotation.h; sourceTree = "<group>"; };
		52365531185FC07C00AB71DD /* CPTLegend.h */ = {isa = PBXFileReference; fileEncoding = 4; lastKnownFileType = sourcecode.c.h; path = CPTLegend.h; sourceTree = "<group>"; };
		52365532185FC07C00AB71DD /* CPTLegendEntry.h */ = {isa = PBXFileReference; fileEncoding = 4; lastKnownFileType = sourcecode.c.h; path = CPTLegendEntry.h; sourceTree = "<group>"; };
		52365533185FC07C00AB71DD /* CPTLimitBand.h */ = {isa = PBXFileReference; fileEncoding = 4; lastKnownFileType = sourcecode.c.h; path = CPTLimitBand.h; sourceTree = "<group>"; };
		52365534185FC07C00AB71DD /* CPTLineCap.h */ = {isa = PBXFileReference; fileEncoding = 4; lastKnownFileType = sourcecode.c.h; path = CPTLineCap.h; sourceTree = "<group>"; };
		52365535185FC07C00AB71DD /* CPTLineStyle.h */ = {isa = PBXFileReference; fileEncoding = 4; lastKnownFileType = sourcecode.c.h; path = CPTLineStyle.h; sourceTree = "<group>"; };
		52365536185FC07C00AB71DD /* CPTMutableLineStyle.h */ = {isa = PBXFileReference; fileEncoding = 4; lastKnownFileType = sourcecode.c.h; path = CPTMutableLineStyle.h; sourceTree = "<group>"; };
		52365537185FC07C00AB71DD /* CPTMutableNumericData+TypeConversion.h */ = {isa = PBXFileReference; fileEncoding = 4; lastKnownFileType = sourcecode.c.h; path = "CPTMutableNumericData+TypeConversion.h"; sourceTree = "<group>"; };
		52365538185FC07C00AB71DD /* CPTMutableNumericData.h */ = {isa = PBXFileReference; fileEncoding = 4; lastKnownFileType = sourcecode.c.h; path = CPTMutableNumericData.h; sourceTree = "<group>"; };
		52365539185FC07C00AB71DD /* CPTMutablePlotRange.h */ = {isa = PBXFileReference; fileEncoding = 4; lastKnownFileType = sourcecode.c.h; path = CPTMutablePlotRange.h; sourceTree = "<group>"; };
		5236553A185FC07C00AB71DD /* CPTMutableShadow.h */ = {isa = PBXFileReference; fileEncoding = 4; lastKnownFileType = sourcecode.c.h; path = CPTMutableShadow.h; sourceTree = "<group>"; };
		5236553B185FC07C00AB71DD /* CPTMutableTextStyle.h */ = {isa = PBXFileReference; fileEncoding = 4; lastKnownFileType = sourcecode.c.h; path = CPTMutableTextStyle.h; sourceTree = "<group>"; };
		5236553C185FC07C00AB71DD /* CPTNumericData+TypeConversion.h */ = {isa = PBXFileReference; fileEncoding = 4; lastKnownFileType = sourcecode.c.h; path = "CPTNumericData+TypeConversion.h"; sourceTree = "<group>"; };
		5236553D185FC07C00AB71DD /* CPTNumericData.h */ = {isa = PBXFileReference; fileEncoding = 4; lastKnownFileType = sourcecode.c.h; path = CPTNumericData.h; sourceTree = "<group>"; };
		5236553E185FC07C00AB71DD /* CPTNumericDataType.h */ = {isa = PBXFileReference; fileEncoding = 4; lastKnownFileType = sourcecode.c.h; path = CPTNumericDataType.h; sourceTree = "<group>"; };
		5236553F185FC07C00AB71DD /* CPTPathExtensions.h */ = {isa = PBXFileReference; fileEncoding = 4; lastKnownFileType = sourcecode.c.h; path = CPTPathExtensions.h; sourceTree = "<group>"; };
		52365540185FC07C00AB71DD /* CPTPieChart.h */ = {isa = PBXFileReference; fileEncoding = 4; lastKnownFileType = sourcecode.c.h; path = CPTPieChart.h; sourceTree = "<group>"; };
		52365541185FC07C00AB71DD /* CPTPlatformSpecificCategories.h */ = {isa = PBXFileReference; fileEncoding = 4; lastKnownFileType = sourcecode.c.h; path = CPTPlatformSpecificCategories.h; sourceTree = "<group>"; };
		52365542185FC07C00AB71DD /* CPTPlatformSpecificDefines.h */ = {isa = PBXFileReference; fileEncoding = 4; lastKnownFileType = sourcecode.c.h; path = CPTPlatformSpecificDefines.h; sourceTree = "<group>"; };
		52365543185FC07C00AB71DD /* CPTPlatformSpecificFunctions.h */ = {isa = PBXFileReference; fileEncoding = 4; lastKnownFileType = sourcecode.c.h; path = CPTPlatformSpecificFunctions.h; sourceTree = "<group>"; };
		52365544185FC07C00AB71DD /* CPTPlot.h */ = {isa = PBXFileReference; fileEncoding = 4; lastKnownFileType = sourcecode.c.h; path = CPTPlot.h; sourceTree = "<group>"; };
		52365545185FC07C00AB71DD /* CPTPlotArea.h */ = {isa = PBXFileReference; fileEncoding = 4; lastKnownFileType = sourcecode.c.h; path = CPTPlotArea.h; sourceTree = "<group>"; };
		52365546185FC07C00AB71DD /* CPTPlotAreaFrame.h */ = {isa = PBXFileReference; fileEncoding = 4; lastKnownFileType = sourcecode.c.h; path = CPTPlotAreaFrame.h; sourceTree = "<group>"; };
		52365547185FC07C00AB71DD /* CPTPlotGroup.h */ = {isa = PBXFileReference; fileEncoding = 4; lastKnownFileType = sourcecode.c.h; path = CPTPlotGroup.h; sourceTree = "<group>"; };
		52365548185FC07C00AB71DD /* CPTPlotRange.h */ = {isa = PBXFileReference; fileEncoding = 4; lastKnownFileType = sourcecode.c.h; path = CPTPlotRange.h; sourceTree = "<group>"; };
		52365549185FC07C00AB71DD /* CPTPlotSpace.h */ = {isa = PBXFileReference; fileEncoding = 4; lastKnownFileType = sourcecode.c.h; path = CPTPlotSpace.h; sourceTree = "<group>"; };
		5236554A185FC07C00AB71DD /* CPTPlotSpaceAnnotation.h */ = {isa = PBXFileReference; fileEncoding = 4; lastKnownFileType = sourcecode.c.h; path = CPTPlotSpaceAnnotation.h; sourceTree = "<group>"; };
		5236554B185FC07C00AB71DD /* CPTPlotSymbol.h */ = {isa = PBXFileReference; fileEncoding = 4; lastKnownFileType = sourcecode.c.h; path = CPTPlotSymbol.h; sourceTree = "<group>"; };
		5236554C185FC07C00AB71DD /* CPTRangePlot.h */ = {isa = PBXFileReference; fileEncoding = 4; lastKnownFileType = sourcecode.c.h; path = CPTRangePlot.h; sourceTree = "<group>"; };
		5236554D185FC07C00AB71DD /* CPTResponder.h */ = {isa = PBXFileReference; fileEncoding = 4; lastKnownFileType = sourcecode.c.h; path = CPTResponder.h; sourceTree = "<group>"; };
		5236554E185FC07C00AB71DD /* CPTScatterPlot.h */ = {isa = PBXFileReference; fileEncoding = 4; lastKnownFileType = sourcecode.c.h; path = CPTScatterPlot.h; sourceTree = "<group>"; };
		5236554F185FC07C00AB71DD /* CPTShadow.h */ = {isa = PBXFileReference; fileEncoding = 4; lastKnownFileType = sourcecode.c.h; path = CPTShadow.h; sourceTree = "<group>"; };
		52365550185FC07C00AB71DD /* CPTTestCase.h */ = {isa = PBXFileReference; fileEncoding = 4; lastKnownFileType = sourcecode.c.h; path = CPTTestCase.h; sourceTree = "<group>"; };
		52365551185FC07C00AB71DD /* CPTTextLayer.h */ = {isa = PBXFileReference; fileEncoding = 4; lastKnownFileType = sourcecode.c.h; path = CPTTextLayer.h; sourceTree = "<group>"; };
		52365552185FC07C00AB71DD /* CPTTextStyle.h */ = {isa = PBXFileReference; fileEncoding = 4; lastKnownFileType = sourcecode.c.h; path = CPTTextStyle.h; sourceTree = "<group>"; };
		52365553185FC07C00AB71DD /* CPTTextStylePlatformSpecific.h */ = {isa = PBXFileReference; fileEncoding = 4; lastKnownFileType = sourcecode.c.h; path = CPTTextStylePlatformSpecific.h; sourceTree = "<group>"; };
		52365554185FC07C00AB71DD /* CPTTheme.h */ = {isa = PBXFileReference; fileEncoding = 4; lastKnownFileType = sourcecode.c.h; path = CPTTheme.h; sourceTree = "<group>"; };
		52365555185FC07C00AB71DD /* CPTTimeFormatter.h */ = {isa = PBXFileReference; fileEncoding = 4; lastKnownFileType = sourcecode.c.h; path = CPTTimeFormatter.h; sourceTree = "<group>"; };
		52365556185FC07C00AB71DD /* CPTTradingRangePlot.h */ = {isa = PBXFileReference; fileEncoding = 4; lastKnownFileType = sourcecode.c.h; path = CPTTradingRangePlot.h; sourceTree = "<group>"; };
		52365557185FC07C00AB71DD /* CPTUtilities.h */ = {isa = PBXFileReference; fileEncoding = 4; lastKnownFileType = sourcecode.c.h; path = CPTUtilities.h; sourceTree = "<group>"; };
		52365558185FC07C00AB71DD /* CPTXYAxis.h */ = {isa = PBXFileReference; fileEncoding = 4; lastKnownFileType = sourcecode.c.h; path = CPTXYAxis.h; sourceTree = "<group>"; };
		52365559185FC07C00AB71DD /* CPTXYAxisSet.h */ = {isa = PBXFileReference; fileEncoding = 4; lastKnownFileType = sourcecode.c.h; path = CPTXYAxisSet.h; sourceTree = "<group>"; };
		5236555A185FC07C00AB71DD /* CPTXYGraph.h */ = {isa = PBXFileReference; fileEncoding = 4; lastKnownFileType = sourcecode.c.h; path = CPTXYGraph.h; sourceTree = "<group>"; };
		5236555B185FC07C00AB71DD /* CPTXYPlotSpace.h */ = {isa = PBXFileReference; fileEncoding = 4; lastKnownFileType = sourcecode.c.h; path = CPTXYPlotSpace.h; sourceTree = "<group>"; };
		5236555C185FC07C00AB71DD /* mainpage.h */ = {isa = PBXFileReference; fileEncoding = 4; lastKnownFileType = sourcecode.c.h; path = mainpage.h; sourceTree = "<group>"; };
		5236555D185FC07C00AB71DD /* NSCoderExtensions.h */ = {isa = PBXFileReference; fileEncoding = 4; lastKnownFileType = sourcecode.c.h; path = NSCoderExtensions.h; sourceTree = "<group>"; };
		5236555E185FC07C00AB71DD /* NSDecimalNumberExtensions.h */ = {isa = PBXFileReference; fileEncoding = 4; lastKnownFileType = sourcecode.c.h; path = NSDecimalNumberExtensions.h; sourceTree = "<group>"; };
		5236555F185FC07C00AB71DD /* NSNumberExtensions.h */ = {isa = PBXFileReference; fileEncoding = 4; lastKnownFileType = sourcecode.c.h; path = NSNumberExtensions.h; sourceTree = "<group>"; };
		52365560185FC0BA00AB71DD /* libCorePlot-CocoaTouch.a */ = {isa = PBXFileReference; lastKnownFileType = archive.ar; path = "libCorePlot-CocoaTouch.a"; sourceTree = "<group>"; };
		52365562185FF02E00AB71DD /* silhouette.jpg */ = {isa = PBXFileReference; lastKnownFileType = image.jpeg; path = silhouette.jpg; sourceTree = "<group>"; };
		5251229F17D774FC00A8782B /* FacebookSDK.framework */ = {isa = PBXFileReference; lastKnownFileType = wrapper.framework; path = FacebookSDK.framework; sourceTree = "<group>"; };
		525122AB17D976CD00A8782B /* login_unpressed.png */ = {isa = PBXFileReference; lastKnownFileType = image.png; path = login_unpressed.png; sourceTree = "<group>"; };
		525122AC17D976CD00A8782B /* login_pressed.png */ = {isa = PBXFileReference; lastKnownFileType = image.png; path = login_pressed.png; sourceTree = "<group>"; };
		525122B517DF960400A8782B /* BT_TickerView.h */ = {isa = PBXFileReference; fileEncoding = 4; lastKnownFileType = sourcecode.c.h; path = BT_TickerView.h; sourceTree = "<group>"; };
		525122B617DF960600A8782B /* BT_TickerView.m */ = {isa = PBXFileReference; fileEncoding = 4; lastKnownFileType = sourcecode.c.objc; path = BT_TickerView.m; sourceTree = "<group>"; };
		525122B817DF9D7700A8782B /* greenArrow.png */ = {isa = PBXFileReference; lastKnownFileType = image.png; path = greenArrow.png; sourceTree = "<group>"; };
		525122B917DF9D7700A8782B /* redArrow.png */ = {isa = PBXFileReference; lastKnownFileType = image.png; path = redArrow.png; sourceTree = "<group>"; };
		525122BC17E0226D00A8782B /* BT_PortfolioTileViewController.h */ = {isa = PBXFileReference; fileEncoding = 4; lastKnownFileType = sourcecode.c.h; path = BT_PortfolioTileViewController.h; sourceTree = "<group>"; };
		525122BD17E0226F00A8782B /* BT_PortfolioTileViewController.m */ = {isa = PBXFileReference; fileEncoding = 4; lastKnownFileType = sourcecode.c.objc; path = BT_PortfolioTileViewController.m; sourceTree = "<group>"; };
		525122BF17E16C2F00A8782B /* BT_RankingsViewController.h */ = {isa = PBXFileReference; fileEncoding = 4; lastKnownFileType = sourcecode.c.h; path = BT_RankingsViewController.h; sourceTree = "<group>"; };
		525122C017E16C3000A8782B /* BT_RankingsViewController.m */ = {isa = PBXFileReference; fileEncoding = 4; lastKnownFileType = sourcecode.c.objc; path = BT_RankingsViewController.m; sourceTree = "<group>"; };
		525122C217E1FD3B00A8782B /* BT_PieChartView.h */ = {isa = PBXFileReference; fileEncoding = 4; lastKnownFileType = sourcecode.c.h; path = BT_PieChartView.h; sourceTree = "<group>"; };
		525122C317E1FD3C00A8782B /* BT_PieChartView.m */ = {isa = PBXFileReference; fileEncoding = 4; lastKnownFileType = sourcecode.c.objc; path = BT_PieChartView.m; sourceTree = "<group>"; };
		528E8BA117E379B7006E21FB /* UIColor+BTFlatColors.h */ = {isa = PBXFileReference; fileEncoding = 4; lastKnownFileType = sourcecode.c.h; name = "UIColor+BTFlatColors.h"; path = "BayTradeTests/UIColor+BTFlatColors.h"; sourceTree = SOURCE_ROOT; };
		528E8BA217E379B7006E21FB /* UIColor+BTFlatColors.m */ = {isa = PBXFileReference; fileEncoding = 4; lastKnownFileType = sourcecode.c.objc; name = "UIColor+BTFlatColors.m"; path = "BayTradeTests/UIColor+BTFlatColors.m"; sourceTree = SOURCE_ROOT; };
		52D23B9717E25031000B6335 /* BT_SplashViewController.h */ = {isa = PBXFileReference; fileEncoding = 4; lastKnownFileType = sourcecode.c.h; path = BT_SplashViewController.h; sourceTree = "<group>"; };
		52D23B9817E25031000B6335 /* BT_SplashViewController.m */ = {isa = PBXFileReference; fileEncoding = 4; lastKnownFileType = sourcecode.c.objc; path = BT_SplashViewController.m; sourceTree = "<group>"; };
		52FD82AA180F24D000DCF967 /* BT_GraphAnimationView.h */ = {isa = PBXFileReference; fileEncoding = 4; lastKnownFileType = sourcecode.c.h; path = BT_GraphAnimationView.h; sourceTree = "<group>"; };
		52FD82AB180F24D000DCF967 /* BT_GraphAnimationView.m */ = {isa = PBXFileReference; fileEncoding = 4; lastKnownFileType = sourcecode.c.objc; path = BT_GraphAnimationView.m; sourceTree = "<group>"; };
		52FD82AD180F2CE300DCF967 /* QuartzCore.framework */ = {isa = PBXFileReference; lastKnownFileType = wrapper.framework; name = QuartzCore.framework; path = System/Library/Frameworks/QuartzCore.framework; sourceTree = SDKROOT; };
		7D06431B17BAE70800889177 /* BT_LoginViewController.h */ = {isa = PBXFileReference; fileEncoding = 4; lastKnownFileType = sourcecode.c.h; path = BT_LoginViewController.h; sourceTree = "<group>"; };
		7D06431C17BAE70800889177 /* BT_LoginViewController.m */ = {isa = PBXFileReference; fileEncoding = 4; lastKnownFileType = sourcecode.c.objc; path = BT_LoginViewController.m; sourceTree = "<group>"; };
		7DF8F95417BC5CC7005553A1 /* BT_AppDelegate.h */ = {isa = PBXFileReference; fileEncoding = 4; lastKnownFileType = sourcecode.c.h; path = BT_AppDelegate.h; sourceTree = "<group>"; };
		7DF8F95517BC7F91005553A1 /* User.h */ = {isa = PBXFileReference; fileEncoding = 4; lastKnownFileType = sourcecode.c.h; name = User.h; path = ../User.h; sourceTree = "<group>"; };
		7DF8F95617BC7F91005553A1 /* User.m */ = {isa = PBXFileReference; fileEncoding = 4; lastKnownFileType = sourcecode.c.objc; name = User.m; path = ../User.m; sourceTree = "<group>"; };
		9307A2ED17A43E6B00E647DF /* wallpaper.jpg */ = {isa = PBXFileReference; lastKnownFileType = image.jpeg; path = wallpaper.jpg; sourceTree = "<group>"; };
		9307A2EF17A44D2D00E647DF /* arrow-big-12.png */ = {isa = PBXFileReference; lastKnownFileType = image.png; path = "arrow-big-12.png"; sourceTree = "<group>"; };
		9307A2F017A44D2D00E647DF /* bar-chart.png */ = {isa = PBXFileReference; lastKnownFileType = image.png; path = "bar-chart.png"; sourceTree = "<group>"; };
		9307A2F117A44D2D00E647DF /* briefcase.png */ = {isa = PBXFileReference; lastKnownFileType = image.png; path = briefcase.png; sourceTree = "<group>"; };
		9307A2F217A44D2D00E647DF /* clock.png */ = {isa = PBXFileReference; lastKnownFileType = image.png; path = clock.png; sourceTree = "<group>"; };
		9307A2F317A44D2D00E647DF /* home.png */ = {isa = PBXFileReference; lastKnownFileType = image.png; path = home.png; sourceTree = "<group>"; };
		931713F217A3792200B7D377 /* Controller.h */ = {isa = PBXFileReference; fileEncoding = 4; lastKnownFileType = sourcecode.c.h; path = Controller.h; sourceTree = "<group>"; };
		931713F317A3792200B7D377 /* Controller.m */ = {isa = PBXFileReference; fileEncoding = 4; lastKnownFileType = sourcecode.c.objc; path = Controller.m; sourceTree = "<group>"; };
		931713F517A382DF00B7D377 /* BT_HistoryViewController.h */ = {isa = PBXFileReference; fileEncoding = 4; lastKnownFileType = sourcecode.c.h; path = BT_HistoryViewController.h; sourceTree = "<group>"; };
		931713F617A382DF00B7D377 /* BT_HistoryViewController.m */ = {isa = PBXFileReference; fileEncoding = 4; lastKnownFileType = sourcecode.c.objc; path = BT_HistoryViewController.m; sourceTree = "<group>"; };
		93294D7B17E4013A00CD7F42 /* CorePortfolioHistory.h */ = {isa = PBXFileReference; fileEncoding = 4; lastKnownFileType = sourcecode.c.h; name = CorePortfolioHistory.h; path = ../CorePortfolioHistory.h; sourceTree = "<group>"; };
		93294D7C17E4013A00CD7F42 /* CorePortfolioHistory.m */ = {isa = PBXFileReference; fileEncoding = 4; lastKnownFileType = sourcecode.c.objc; name = CorePortfolioHistory.m; path = ../CorePortfolioHistory.m; sourceTree = "<group>"; };
		93294D7E17E4029300CD7F42 /* portfoliohistory.txt */ = {isa = PBXFileReference; fileEncoding = 4; lastKnownFileType = text; path = portfoliohistory.txt; sourceTree = "<group>"; };
		93C7138E17A3FCBC00258C6A /* themodel.xcdatamodel */ = {isa = PBXFileReference; lastKnownFileType = wrapper.xcdatamodel; path = themodel.xcdatamodel; sourceTree = "<group>"; };
		93D5A0C417A3C72100ECA5D8 /* CoreData.framework */ = {isa = PBXFileReference; lastKnownFileType = wrapper.framework; name = CoreData.framework; path = System/Library/Frameworks/CoreData.framework; sourceTree = SDKROOT; };
		93D5A0C617A3C73100ECA5D8 /* Security.framework */ = {isa = PBXFileReference; lastKnownFileType = wrapper.framework; name = Security.framework; path = System/Library/Frameworks/Security.framework; sourceTree = SDKROOT; };
		93D5A0C817A3C73B00ECA5D8 /* SystemConfiguration.framework */ = {isa = PBXFileReference; lastKnownFileType = wrapper.framework; name = SystemConfiguration.framework; path = System/Library/Frameworks/SystemConfiguration.framework; sourceTree = SDKROOT; };
		93D5A0CA17A3C74500ECA5D8 /* MobileCoreServices.framework */ = {isa = PBXFileReference; lastKnownFileType = wrapper.framework; name = MobileCoreServices.framework; path = System/Library/Frameworks/MobileCoreServices.framework; sourceTree = SDKROOT; };
		93D5A0CC17A3C75300ECA5D8 /* CoreLocation.framework */ = {isa = PBXFileReference; lastKnownFileType = wrapper.framework; name = CoreLocation.framework; path = System/Library/Frameworks/CoreLocation.framework; sourceTree = SDKROOT; };
		93DD2C5617A3E35900B3FE71 /* CoreTradeEvent.h */ = {isa = PBXFileReference; fileEncoding = 4; lastKnownFileType = sourcecode.c.h; path = CoreTradeEvent.h; sourceTree = "<group>"; };
		93DD2C5717A3E35900B3FE71 /* CoreTradeEvent.m */ = {isa = PBXFileReference; fileEncoding = 4; lastKnownFileType = sourcecode.c.objc; path = CoreTradeEvent.m; sourceTree = "<group>"; };
		93DD2C5917A3E38300B3FE71 /* CoreStock.h */ = {isa = PBXFileReference; fileEncoding = 4; lastKnownFileType = sourcecode.c.h; path = CoreStock.h; sourceTree = "<group>"; };
		93DD2C5A17A3E38300B3FE71 /* CoreStock.m */ = {isa = PBXFileReference; fileEncoding = 4; lastKnownFileType = sourcecode.c.objc; path = CoreStock.m; sourceTree = "<group>"; };
		93DD2C5C17A3E39600B3FE71 /* CorePortfolio.h */ = {isa = PBXFileReference; fileEncoding = 4; lastKnownFileType = sourcecode.c.h; path = CorePortfolio.h; sourceTree = "<group>"; };
		93DD2C5D17A3E39600B3FE71 /* CorePortfolio.m */ = {isa = PBXFileReference; fileEncoding = 4; lastKnownFileType = sourcecode.c.objc; path = CorePortfolio.m; sourceTree = "<group>"; };
		93DD2C5F17A3E3AB00B3FE71 /* CoreModel.h */ = {isa = PBXFileReference; fileEncoding = 4; lastKnownFileType = sourcecode.c.h; path = CoreModel.h; sourceTree = "<group>"; };
		93DD2C6017A3E3AB00B3FE71 /* CoreModel.m */ = {isa = PBXFileReference; fileEncoding = 4; lastKnownFileType = sourcecode.c.objc; path = CoreModel.m; sourceTree = "<group>"; };
		93E19F7817A36420000D60B5 /* BayTrade.app */ = {isa = PBXFileReference; explicitFileType = wrapper.application; includeInIndex = 0; path = BayTrade.app; sourceTree = BUILT_PRODUCTS_DIR; };
		93E19F7B17A36420000D60B5 /* UIKit.framework */ = {isa = PBXFileReference; lastKnownFileType = wrapper.framework; name = UIKit.framework; path = System/Library/Frameworks/UIKit.framework; sourceTree = SDKROOT; };
		93E19F7D17A36420000D60B5 /* Foundation.framework */ = {isa = PBXFileReference; lastKnownFileType = wrapper.framework; name = Foundation.framework; path = System/Library/Frameworks/Foundation.framework; sourceTree = SDKROOT; };
		93E19F7F17A36420000D60B5 /* CoreGraphics.framework */ = {isa = PBXFileReference; lastKnownFileType = wrapper.framework; name = CoreGraphics.framework; path = System/Library/Frameworks/CoreGraphics.framework; sourceTree = SDKROOT; };
		93E19F8317A36420000D60B5 /* BayTrade-Info.plist */ = {isa = PBXFileReference; lastKnownFileType = text.plist.xml; path = "BayTrade-Info.plist"; sourceTree = "<group>"; };
		93E19F8517A36420000D60B5 /* en */ = {isa = PBXFileReference; lastKnownFileType = text.plist.strings; name = en; path = en.lproj/InfoPlist.strings; sourceTree = "<group>"; };
		93E19F8717A36420000D60B5 /* main.m */ = {isa = PBXFileReference; lastKnownFileType = sourcecode.c.objc; path = main.m; sourceTree = "<group>"; };
		93E19F8917A36420000D60B5 /* BayTrade-Prefix.pch */ = {isa = PBXFileReference; lastKnownFileType = sourcecode.c.h; path = "BayTrade-Prefix.pch"; sourceTree = "<group>"; };
		93E19F8B17A36420000D60B5 /* BT_AppDelegate.m */ = {isa = PBXFileReference; lastKnownFileType = sourcecode.c.objc; path = BT_AppDelegate.m; sourceTree = "<group>"; };
		93E19F8D17A36420000D60B5 /* Default.png */ = {isa = PBXFileReference; lastKnownFileType = image.png; path = Default.png; sourceTree = "<group>"; };
		93E19F8F17A36420000D60B5 /* Default@2x.png */ = {isa = PBXFileReference; lastKnownFileType = image.png; path = "Default@2x.png"; sourceTree = "<group>"; };
		93E19F9117A36420000D60B5 /* Default-568h@2x.png */ = {isa = PBXFileReference; lastKnownFileType = image.png; path = "Default-568h@2x.png"; sourceTree = "<group>"; };
		93E19F9417A36420000D60B5 /* en */ = {isa = PBXFileReference; lastKnownFileType = file.storyboard; name = en; path = en.lproj/MainStoryboard.storyboard; sourceTree = "<group>"; };
		93E19F9617A36420000D60B5 /* BT_HomeViewController.h */ = {isa = PBXFileReference; lastKnownFileType = sourcecode.c.h; path = BT_HomeViewController.h; sourceTree = "<group>"; };
		93E19F9717A36420000D60B5 /* BT_HomeViewController.m */ = {isa = PBXFileReference; lastKnownFileType = sourcecode.c.objc; path = BT_HomeViewController.m; sourceTree = "<group>"; };
		93E19F9D17A36420000D60B5 /* BT_TradeViewController.h */ = {isa = PBXFileReference; lastKnownFileType = sourcecode.c.h; path = BT_TradeViewController.h; sourceTree = "<group>"; };
		93E19F9E17A36420000D60B5 /* BT_TradeViewController.m */ = {isa = PBXFileReference; lastKnownFileType = sourcecode.c.objc; path = BT_TradeViewController.m; sourceTree = "<group>"; };
		93E19FA917A36420000D60B5 /* BayTradeTests.octest */ = {isa = PBXFileReference; explicitFileType = wrapper.cfbundle; includeInIndex = 0; path = BayTradeTests.octest; sourceTree = BUILT_PRODUCTS_DIR; };
		93E19FAA17A36420000D60B5 /* SenTestingKit.framework */ = {isa = PBXFileReference; lastKnownFileType = wrapper.framework; name = SenTestingKit.framework; path = Library/Frameworks/SenTestingKit.framework; sourceTree = DEVELOPER_DIR; };
		93E19FB217A36420000D60B5 /* BayTradeTests-Info.plist */ = {isa = PBXFileReference; lastKnownFileType = text.plist.xml; path = "BayTradeTests-Info.plist"; sourceTree = "<group>"; };
		93E19FB417A36420000D60B5 /* en */ = {isa = PBXFileReference; lastKnownFileType = text.plist.strings; name = en; path = en.lproj/InfoPlist.strings; sourceTree = "<group>"; };
		93E19FB617A36420000D60B5 /* BayTradeTests.h */ = {isa = PBXFileReference; lastKnownFileType = sourcecode.c.h; path = BayTradeTests.h; sourceTree = "<group>"; };
		93E19FB717A36420000D60B5 /* BayTradeTests.m */ = {isa = PBXFileReference; lastKnownFileType = sourcecode.c.objc; path = BayTradeTests.m; sourceTree = "<group>"; };
		93E19FC117A36492000D60B5 /* BT_TabBarController.h */ = {isa = PBXFileReference; fileEncoding = 4; lastKnownFileType = sourcecode.c.h; path = BT_TabBarController.h; sourceTree = "<group>"; };
		93E19FC217A36492000D60B5 /* BT_TabBarController.m */ = {isa = PBXFileReference; fileEncoding = 4; lastKnownFileType = sourcecode.c.objc; path = BT_TabBarController.m; sourceTree = "<group>"; };
		93E19FC717A365E8000D60B5 /* Cache.h */ = {isa = PBXFileReference; fileEncoding = 4; lastKnownFileType = sourcecode.c.h; path = Cache.h; sourceTree = "<group>"; };
		93E19FC817A365E8000D60B5 /* Cache.m */ = {isa = PBXFileReference; fileEncoding = 4; lastKnownFileType = sourcecode.c.objc; path = Cache.m; sourceTree = "<group>"; };
		93F20DAA185D85F100F546D4 /* CHANGELOG.md */ = {isa = PBXFileReference; fileEncoding = 4; lastKnownFileType = text; path = CHANGELOG.md; sourceTree = "<group>"; };
		93F20DAC185D85F100F546D4 /* AFHTTPClient+StackMob.h */ = {isa = PBXFileReference; fileEncoding = 4; lastKnownFileType = sourcecode.c.h; path = "AFHTTPClient+StackMob.h"; sourceTree = "<group>"; };
		93F20DAD185D85F100F546D4 /* AFHTTPRequestOperation+RemoveContentType.h */ = {isa = PBXFileReference; fileEncoding = 4; lastKnownFileType = sourcecode.c.h; path = "AFHTTPRequestOperation+RemoveContentType.h"; sourceTree = "<group>"; };
		93F20DAF185D85F100F546D4 /* AFHTTPClient.h */ = {isa = PBXFileReference; fileEncoding = 4; lastKnownFileType = sourcecode.c.h; path = AFHTTPClient.h; sourceTree = "<group>"; };
		93F20DB0185D85F100F546D4 /* AFHTTPRequestOperation.h */ = {isa = PBXFileReference; fileEncoding = 4; lastKnownFileType = sourcecode.c.h; path = AFHTTPRequestOperation.h; sourceTree = "<group>"; };
		93F20DB1185D85F100F546D4 /* AFImageRequestOperation.h */ = {isa = PBXFileReference; fileEncoding = 4; lastKnownFileType = sourcecode.c.h; path = AFImageRequestOperation.h; sourceTree = "<group>"; };
		93F20DB2185D85F100F546D4 /* AFJSONRequestOperation.h */ = {isa = PBXFileReference; fileEncoding = 4; lastKnownFileType = sourcecode.c.h; path = AFJSONRequestOperation.h; sourceTree = "<group>"; };
		93F20DB3185D85F100F546D4 /* AFNetworkActivityIndicatorManager.h */ = {isa = PBXFileReference; fileEncoding = 4; lastKnownFileType = sourcecode.c.h; path = AFNetworkActivityIndicatorManager.h; sourceTree = "<group>"; };
		93F20DB4185D85F100F546D4 /* AFNetworking.h */ = {isa = PBXFileReference; fileEncoding = 4; lastKnownFileType = sourcecode.c.h; path = AFNetworking.h; sourceTree = "<group>"; };
		93F20DB5185D85F100F546D4 /* AFPropertyListRequestOperation.h */ = {isa = PBXFileReference; fileEncoding = 4; lastKnownFileType = sourcecode.c.h; path = AFPropertyListRequestOperation.h; sourceTree = "<group>"; };
		93F20DB6185D85F100F546D4 /* AFURLConnectionOperation.h */ = {isa = PBXFileReference; fileEncoding = 4; lastKnownFileType = sourcecode.c.h; path = AFURLConnectionOperation.h; sourceTree = "<group>"; };
		93F20DB7185D85F100F546D4 /* AFXMLRequestOperation.h */ = {isa = PBXFileReference; fileEncoding = 4; lastKnownFileType = sourcecode.c.h; path = AFXMLRequestOperation.h; sourceTree = "<group>"; };
		93F20DB8185D85F100F546D4 /* UIImageView+AFNetworking.h */ = {isa = PBXFileReference; fileEncoding = 4; lastKnownFileType = sourcecode.c.h; path = "UIImageView+AFNetworking.h"; sourceTree = "<group>"; };
		93F20DB9185D85F100F546D4 /* Base64EncodedStringFromData.h */ = {isa = PBXFileReference; fileEncoding = 4; lastKnownFileType = sourcecode.c.h; path = Base64EncodedStringFromData.h; sourceTree = "<group>"; };
		93F20DBA185D85F100F546D4 /* Common.h */ = {isa = PBXFileReference; fileEncoding = 4; lastKnownFileType = sourcecode.c.h; path = Common.h; sourceTree = "<group>"; };
		93F20DBB185D85F100F546D4 /* FileManagement.h */ = {isa = PBXFileReference; fileEncoding = 4; lastKnownFileType = sourcecode.c.h; path = FileManagement.h; sourceTree = "<group>"; };
		93F20DBC185D85F100F546D4 /* KeychainWrapper.h */ = {isa = PBXFileReference; fileEncoding = 4; lastKnownFileType = sourcecode.c.h; path = KeychainWrapper.h; sourceTree = "<group>"; };
		93F20DBD185D85F100F546D4 /* NSArray+Enumerable.h */ = {isa = PBXFileReference; fileEncoding = 4; lastKnownFileType = sourcecode.c.h; path = "NSArray+Enumerable.h"; sourceTree = "<group>"; };
		93F20DBE185D85F100F546D4 /* NSDictionary+AtomicCounter.h */ = {isa = PBXFileReference; fileEncoding = 4; lastKnownFileType = sourcecode.c.h; path = "NSDictionary+AtomicCounter.h"; sourceTree = "<group>"; };
		93F20DBF185D85F100F546D4 /* NSEntityDescription+StackMobSerialization.h */ = {isa = PBXFileReference; fileEncoding = 4; lastKnownFileType = sourcecode.c.h; path = "NSEntityDescription+StackMobSerialization.h"; sourceTree = "<group>"; };
		93F20DC0185D85F100F546D4 /* NSManagedObject+StackMobSerialization.h */ = {isa = PBXFileReference; fileEncoding = 4; lastKnownFileType = sourcecode.c.h; path = "NSManagedObject+StackMobSerialization.h"; sourceTree = "<group>"; };
		93F20DC1185D85F100F546D4 /* NSManagedObjectContext+Concurrency.h */ = {isa = PBXFileReference; fileEncoding = 4; lastKnownFileType = sourcecode.c.h; path = "NSManagedObjectContext+Concurrency.h"; sourceTree = "<group>"; };
		93F20DC2185D85F100F546D4 /* SMBinaryDataConversion.h */ = {isa = PBXFileReference; fileEncoding = 4; lastKnownFileType = sourcecode.c.h; path = SMBinaryDataConversion.h; sourceTree = "<group>"; };
		93F20DC3185D85F100F546D4 /* SMClient.h */ = {isa = PBXFileReference; fileEncoding = 4; lastKnownFileType = sourcecode.c.h; path = SMClient.h; sourceTree = "<group>"; };
		93F20DC4185D85F100F546D4 /* SMCoreDataStore.h */ = {isa = PBXFileReference; fileEncoding = 4; lastKnownFileType = sourcecode.c.h; path = SMCoreDataStore.h; sourceTree = "<group>"; };
		93F20DC5185D85F100F546D4 /* SMCustomCodeRequest.h */ = {isa = PBXFileReference; fileEncoding = 4; lastKnownFileType = sourcecode.c.h; path = SMCustomCodeRequest.h; sourceTree = "<group>"; };
		93F20DC6185D85F100F546D4 /* SMDataStore+Protected.h */ = {isa = PBXFileReference; fileEncoding = 4; lastKnownFileType = sourcecode.c.h; path = "SMDataStore+Protected.h"; sourceTree = "<group>"; };
		93F20DC7185D85F100F546D4 /* SMDataStore.h */ = {isa = PBXFileReference; fileEncoding = 4; lastKnownFileType = sourcecode.c.h; path = SMDataStore.h; sourceTree = "<group>"; };
		93F20DC8185D85F100F546D4 /* SMError.h */ = {isa = PBXFileReference; fileEncoding = 4; lastKnownFileType = sourcecode.c.h; path = SMError.h; sourceTree = "<group>"; };
		93F20DC9185D85F100F546D4 /* SMGeoPoint.h */ = {isa = PBXFileReference; fileEncoding = 4; lastKnownFileType = sourcecode.c.h; path = SMGeoPoint.h; sourceTree = "<group>"; };
		93F20DCA185D85F100F546D4 /* SMHTTPRequestOperation.h */ = {isa = PBXFileReference; fileEncoding = 4; lastKnownFileType = sourcecode.c.h; path = SMHTTPRequestOperation.h; sourceTree = "<group>"; };
		93F20DCB185D85F100F546D4 /* SMIncrementalStore+Query.h */ = {isa = PBXFileReference; fileEncoding = 4; lastKnownFileType = sourcecode.c.h; path = "SMIncrementalStore+Query.h"; sourceTree = "<group>"; };
		93F20DCC185D85F100F546D4 /* SMIncrementalStore.h */ = {isa = PBXFileReference; fileEncoding = 4; lastKnownFileType = sourcecode.c.h; path = SMIncrementalStore.h; sourceTree = "<group>"; };
		93F20DCD185D85F100F546D4 /* SMIncrementalStoreNode.h */ = {isa = PBXFileReference; fileEncoding = 4; lastKnownFileType = sourcecode.c.h; path = SMIncrementalStoreNode.h; sourceTree = "<group>"; };
		93F20DCE185D85F100F546D4 /* SMJSONRequestOperation.h */ = {isa = PBXFileReference; fileEncoding = 4; lastKnownFileType = sourcecode.c.h; path = SMJSONRequestOperation.h; sourceTree = "<group>"; };
		93F20DCF185D85F100F546D4 /* SMLocationManager.h */ = {isa = PBXFileReference; fileEncoding = 4; lastKnownFileType = sourcecode.c.h; path = SMLocationManager.h; sourceTree = "<group>"; };
		93F20DD0185D85F100F546D4 /* SMNetworkReachability.h */ = {isa = PBXFileReference; fileEncoding = 4; lastKnownFileType = sourcecode.c.h; path = SMNetworkReachability.h; sourceTree = "<group>"; };
		93F20DD1185D85F100F546D4 /* SMOAuth1Client.h */ = {isa = PBXFileReference; fileEncoding = 4; lastKnownFileType = sourcecode.c.h; path = SMOAuth1Client.h; sourceTree = "<group>"; };
		93F20DD2185D85F100F546D4 /* SMOAuth2Client.h */ = {isa = PBXFileReference; fileEncoding = 4; lastKnownFileType = sourcecode.c.h; path = SMOAuth2Client.h; sourceTree = "<group>"; };
		93F20DD3185D85F100F546D4 /* SMPredicate.h */ = {isa = PBXFileReference; fileEncoding = 4; lastKnownFileType = sourcecode.c.h; path = SMPredicate.h; sourceTree = "<group>"; };
		93F20DD4185D85F100F546D4 /* SMPushClient.h */ = {isa = PBXFileReference; fileEncoding = 4; lastKnownFileType = sourcecode.c.h; path = SMPushClient.h; sourceTree = "<group>"; };
		93F20DD5185D85F100F546D4 /* SMPushToken.h */ = {isa = PBXFileReference; fileEncoding = 4; lastKnownFileType = sourcecode.c.h; path = SMPushToken.h; sourceTree = "<group>"; };
		93F20DD6185D85F100F546D4 /* SMQuery.h */ = {isa = PBXFileReference; fileEncoding = 4; lastKnownFileType = sourcecode.c.h; path = SMQuery.h; sourceTree = "<group>"; };
		93F20DD7185D85F100F546D4 /* SMRequestOptions.h */ = {isa = PBXFileReference; fileEncoding = 4; lastKnownFileType = sourcecode.c.h; path = SMRequestOptions.h; sourceTree = "<group>"; };
		93F20DD8185D85F100F546D4 /* SMResponseBlocks.h */ = {isa = PBXFileReference; fileEncoding = 4; lastKnownFileType = sourcecode.c.h; path = SMResponseBlocks.h; sourceTree = "<group>"; };
		93F20DD9185D85F100F546D4 /* SMSyncedObject.h */ = {isa = PBXFileReference; fileEncoding = 4; lastKnownFileType = sourcecode.c.h; path = SMSyncedObject.h; sourceTree = "<group>"; };
		93F20DDA185D85F100F546D4 /* SMUserManagedObject.h */ = {isa = PBXFileReference; fileEncoding = 4; lastKnownFileType = sourcecode.c.h; path = SMUserManagedObject.h; sourceTree = "<group>"; };
		93F20DDB185D85F100F546D4 /* SMUserSession.h */ = {isa = PBXFileReference; fileEncoding = 4; lastKnownFileType = sourcecode.c.h; path = SMUserSession.h; sourceTree = "<group>"; };
		93F20DDC185D85F100F546D4 /* SMVersion.h */ = {isa = PBXFileReference; fileEncoding = 4; lastKnownFileType = sourcecode.c.h; path = SMVersion.h; sourceTree = "<group>"; };
		93F20DDD185D85F100F546D4 /* StackMob.h */ = {isa = PBXFileReference; fileEncoding = 4; lastKnownFileType = sourcecode.c.h; path = StackMob.h; sourceTree = "<group>"; };
		93F20DDE185D85F100F546D4 /* StackMobPush.h */ = {isa = PBXFileReference; fileEncoding = 4; lastKnownFileType = sourcecode.c.h; path = StackMobPush.h; sourceTree = "<group>"; };
		93F20DDF185D85F100F546D4 /* Synchronization.h */ = {isa = PBXFileReference; fileEncoding = 4; lastKnownFileType = sourcecode.c.h; path = Synchronization.h; sourceTree = "<group>"; };
		93F20DE0185D85F100F546D4 /* SystemInformation.h */ = {isa = PBXFileReference; fileEncoding = 4; lastKnownFileType = sourcecode.c.h; path = SystemInformation.h; sourceTree = "<group>"; };
		93F20DE1185D85F100F546D4 /* libstackmob-v2.2.0.a */ = {isa = PBXFileReference; lastKnownFileType = archive.ar; path = "libstackmob-v2.2.0.a"; sourceTree = "<group>"; };
		93F4DEAE183821490004D8BA /* StockOrder.h */ = {isa = PBXFileReference; fileEncoding = 4; lastKnownFileType = sourcecode.c.h; name = StockOrder.h; path = ../StockOrder.h; sourceTree = "<group>"; };
		93F4DEAF183821490004D8BA /* StockOrder.m */ = {isa = PBXFileReference; fileEncoding = 4; lastKnownFileType = sourcecode.c.objc; name = StockOrder.m; path = ../StockOrder.m; sourceTree = "<group>"; };
/* End PBXFileReference section */

/* Begin PBXFrameworksBuildPhase section */
		93E19F7517A36420000D60B5 /* Frameworks */ = {
			isa = PBXFrameworksBuildPhase;
			buildActionMask = 2147483647;
			files = (
				52365510185D876000AB71DD /* libstackmob-v2.2.0.a in Frameworks */,
				52FD82AE180F2CE300DCF967 /* QuartzCore.framework in Frameworks */,
				93D5A0CD17A3C75300ECA5D8 /* CoreLocation.framework in Frameworks */,
				93D5A0CB17A3C74500ECA5D8 /* MobileCoreServices.framework in Frameworks */,
				93D5A0C917A3C73B00ECA5D8 /* SystemConfiguration.framework in Frameworks */,
				93D5A0C717A3C73100ECA5D8 /* Security.framework in Frameworks */,
				93D5A0C517A3C72100ECA5D8 /* CoreData.framework in Frameworks */,
				93E19F7C17A36420000D60B5 /* UIKit.framework in Frameworks */,
				93E19F7E17A36420000D60B5 /* Foundation.framework in Frameworks */,
				93E19F8017A36420000D60B5 /* CoreGraphics.framework in Frameworks */,
				525122A017D774FC00A8782B /* FacebookSDK.framework in Frameworks */,
				52365561185FC0BA00AB71DD /* libCorePlot-CocoaTouch.a in Frameworks */,
			);
			runOnlyForDeploymentPostprocessing = 0;
		};
		93E19FA517A36420000D60B5 /* Frameworks */ = {
			isa = PBXFrameworksBuildPhase;
			buildActionMask = 2147483647;
			files = (
				93E19FAB17A36420000D60B5 /* SenTestingKit.framework in Frameworks */,
				93E19FAC17A36420000D60B5 /* UIKit.framework in Frameworks */,
				93E19FAD17A36420000D60B5 /* Foundation.framework in Frameworks */,
			);
			runOnlyForDeploymentPostprocessing = 0;
		};
/* End PBXFrameworksBuildPhase section */

/* Begin PBXGroup section */
		52365511185FC07C00AB71DD /* CorePlotHeaders */ = {
			isa = PBXGroup;
			children = (
				52365512185FC07C00AB71DD /* CorePlot-CocoaTouch.h */,
				52365513185FC07C00AB71DD /* CPTAnimation.h */,
				52365514185FC07C00AB71DD /* CPTAnimationOperation.h */,
				52365515185FC07C00AB71DD /* CPTAnimationPeriod.h */,
				52365516185FC07C00AB71DD /* CPTAnnotation.h */,
				52365517185FC07C00AB71DD /* CPTAnnotationHostLayer.h */,
				52365518185FC07C00AB71DD /* CPTAxis.h */,
				52365519185FC07C00AB71DD /* CPTAxisLabel.h */,
				5236551A185FC07C00AB71DD /* CPTAxisLabelGroup.h */,
				5236551B185FC07C00AB71DD /* CPTAxisSet.h */,
				5236551C185FC07C00AB71DD /* CPTAxisTitle.h */,
				5236551D185FC07C00AB71DD /* CPTBarPlot.h */,
				5236551E185FC07C00AB71DD /* CPTBorderedLayer.h */,
				5236551F185FC07C00AB71DD /* CPTCalendarFormatter.h */,
				52365520185FC07C00AB71DD /* CPTColor.h */,
				52365521185FC07C00AB71DD /* CPTColorSpace.h */,
				52365522185FC07C00AB71DD /* CPTConstraints.h */,
				52365523185FC07C00AB71DD /* CPTDataSourceTestCase.h */,
				52365524185FC07C00AB71DD /* CPTDefinitions.h */,
				52365525185FC07C00AB71DD /* CPTDerivedXYGraph.h */,
				52365526185FC07C00AB71DD /* CPTExceptions.h */,
				52365527185FC07C00AB71DD /* CPTFill.h */,
				52365528185FC07C00AB71DD /* CPTFunctionDataSource.h */,
				52365529185FC07C00AB71DD /* CPTGradient.h */,
				5236552A185FC07C00AB71DD /* CPTGraph.h */,
				5236552B185FC07C00AB71DD /* CPTGraphHostingView.h */,
				5236552C185FC07C00AB71DD /* CPTGridLineGroup.h */,
				5236552D185FC07C00AB71DD /* CPTGridLines.h */,
				5236552E185FC07C00AB71DD /* CPTImage.h */,
				5236552F185FC07C00AB71DD /* CPTLayer.h */,
				52365530185FC07C00AB71DD /* CPTLayerAnnotation.h */,
				52365531185FC07C00AB71DD /* CPTLegend.h */,
				52365532185FC07C00AB71DD /* CPTLegendEntry.h */,
				52365533185FC07C00AB71DD /* CPTLimitBand.h */,
				52365534185FC07C00AB71DD /* CPTLineCap.h */,
				52365535185FC07C00AB71DD /* CPTLineStyle.h */,
				52365536185FC07C00AB71DD /* CPTMutableLineStyle.h */,
				52365537185FC07C00AB71DD /* CPTMutableNumericData+TypeConversion.h */,
				52365538185FC07C00AB71DD /* CPTMutableNumericData.h */,
				52365539185FC07C00AB71DD /* CPTMutablePlotRange.h */,
				5236553A185FC07C00AB71DD /* CPTMutableShadow.h */,
				5236553B185FC07C00AB71DD /* CPTMutableTextStyle.h */,
				5236553C185FC07C00AB71DD /* CPTNumericData+TypeConversion.h */,
				5236553D185FC07C00AB71DD /* CPTNumericData.h */,
				5236553E185FC07C00AB71DD /* CPTNumericDataType.h */,
				5236553F185FC07C00AB71DD /* CPTPathExtensions.h */,
				52365540185FC07C00AB71DD /* CPTPieChart.h */,
				52365541185FC07C00AB71DD /* CPTPlatformSpecificCategories.h */,
				52365542185FC07C00AB71DD /* CPTPlatformSpecificDefines.h */,
				52365543185FC07C00AB71DD /* CPTPlatformSpecificFunctions.h */,
				52365544185FC07C00AB71DD /* CPTPlot.h */,
				52365545185FC07C00AB71DD /* CPTPlotArea.h */,
				52365546185FC07C00AB71DD /* CPTPlotAreaFrame.h */,
				52365547185FC07C00AB71DD /* CPTPlotGroup.h */,
				52365548185FC07C00AB71DD /* CPTPlotRange.h */,
				52365549185FC07C00AB71DD /* CPTPlotSpace.h */,
				5236554A185FC07C00AB71DD /* CPTPlotSpaceAnnotation.h */,
				5236554B185FC07C00AB71DD /* CPTPlotSymbol.h */,
				5236554C185FC07C00AB71DD /* CPTRangePlot.h */,
				5236554D185FC07C00AB71DD /* CPTResponder.h */,
				5236554E185FC07C00AB71DD /* CPTScatterPlot.h */,
				5236554F185FC07C00AB71DD /* CPTShadow.h */,
				52365550185FC07C00AB71DD /* CPTTestCase.h */,
				52365551185FC07C00AB71DD /* CPTTextLayer.h */,
				52365552185FC07C00AB71DD /* CPTTextStyle.h */,
				52365553185FC07C00AB71DD /* CPTTextStylePlatformSpecific.h */,
				52365554185FC07C00AB71DD /* CPTTheme.h */,
				52365555185FC07C00AB71DD /* CPTTimeFormatter.h */,
				52365556185FC07C00AB71DD /* CPTTradingRangePlot.h */,
				52365557185FC07C00AB71DD /* CPTUtilities.h */,
				52365558185FC07C00AB71DD /* CPTXYAxis.h */,
				52365559185FC07C00AB71DD /* CPTXYAxisSet.h */,
				5236555A185FC07C00AB71DD /* CPTXYGraph.h */,
				5236555B185FC07C00AB71DD /* CPTXYPlotSpace.h */,
				5236555C185FC07C00AB71DD /* mainpage.h */,
				5236555D185FC07C00AB71DD /* NSCoderExtensions.h */,
				5236555E185FC07C00AB71DD /* NSDecimalNumberExtensions.h */,
				5236555F185FC07C00AB71DD /* NSNumberExtensions.h */,
			);
			path = CorePlotHeaders;
			sourceTree = "<group>";
		};
		525122A117D7755500A8782B /* Images */ = {
			isa = PBXGroup;
			children = (
				52365562185FF02E00AB71DD /* silhouette.jpg */,
				525122B817DF9D7700A8782B /* greenArrow.png */,
				525122B917DF9D7700A8782B /* redArrow.png */,
				525122AB17D976CD00A8782B /* login_unpressed.png */,
				525122AC17D976CD00A8782B /* login_pressed.png */,
				93E19F8D17A36420000D60B5 /* Default.png */,
				93E19F8F17A36420000D60B5 /* Default@2x.png */,
				93E19F9117A36420000D60B5 /* Default-568h@2x.png */,
				9307A2ED17A43E6B00E647DF /* wallpaper.jpg */,
				9307A2EF17A44D2D00E647DF /* arrow-big-12.png */,
				9307A2F017A44D2D00E647DF /* bar-chart.png */,
				9307A2F117A44D2D00E647DF /* briefcase.png */,
				9307A2F217A44D2D00E647DF /* clock.png */,
				9307A2F317A44D2D00E647DF /* home.png */,
			);
			name = Images;
			sourceTree = "<group>";
		};
		525122A217D7757300A8782B /* View Controllers */ = {
			isa = PBXGroup;
			children = (
				52D23B9717E25031000B6335 /* BT_SplashViewController.h */,
				52D23B9817E25031000B6335 /* BT_SplashViewController.m */,
				52FD82AA180F24D000DCF967 /* BT_GraphAnimationView.h */,
				52FD82AB180F24D000DCF967 /* BT_GraphAnimationView.m */,
				525122BC17E0226D00A8782B /* BT_PortfolioTileViewController.h */,
				525122BD17E0226F00A8782B /* BT_PortfolioTileViewController.m */,
				93E19FC117A36492000D60B5 /* BT_TabBarController.h */,
				93E19FC217A36492000D60B5 /* BT_TabBarController.m */,
				93E19F9D17A36420000D60B5 /* BT_TradeViewController.h */,
				93E19F9E17A36420000D60B5 /* BT_TradeViewController.m */,
				525122BF17E16C2F00A8782B /* BT_RankingsViewController.h */,
				525122C017E16C3000A8782B /* BT_RankingsViewController.m */,
				7D06431B17BAE70800889177 /* BT_LoginViewController.h */,
				7D06431C17BAE70800889177 /* BT_LoginViewController.m */,
				93E19F9617A36420000D60B5 /* BT_HomeViewController.h */,
				93E19F9717A36420000D60B5 /* BT_HomeViewController.m */,
				525122C217E1FD3B00A8782B /* BT_PieChartView.h */,
				525122C317E1FD3C00A8782B /* BT_PieChartView.m */,
				525122B517DF960400A8782B /* BT_TickerView.h */,
				525122B617DF960600A8782B /* BT_TickerView.m */,
				931713F517A382DF00B7D377 /* BT_HistoryViewController.h */,
				931713F617A382DF00B7D377 /* BT_HistoryViewController.m */,
			);
			name = "View Controllers";
			sourceTree = "<group>";
		};
		525122A317D7759100A8782B /* Objects */ = {
			isa = PBXGroup;
			children = (
				93F4DEAE183821490004D8BA /* StockOrder.h */,
				93F4DEAF183821490004D8BA /* StockOrder.m */,
				7DF8F95517BC7F91005553A1 /* User.h */,
				7DF8F95617BC7F91005553A1 /* User.m */,
				93E19FC717A365E8000D60B5 /* Cache.h */,
				93E19FC817A365E8000D60B5 /* Cache.m */,
				93DD2C5F17A3E3AB00B3FE71 /* CoreModel.h */,
				93DD2C6017A3E3AB00B3FE71 /* CoreModel.m */,
				93DD2C5C17A3E39600B3FE71 /* CorePortfolio.h */,
				93DD2C5D17A3E39600B3FE71 /* CorePortfolio.m */,
				93294D7B17E4013A00CD7F42 /* CorePortfolioHistory.h */,
				93294D7C17E4013A00CD7F42 /* CorePortfolioHistory.m */,
				93294D7E17E4029300CD7F42 /* portfoliohistory.txt */,
				93DD2C5917A3E38300B3FE71 /* CoreStock.h */,
				93DD2C5A17A3E38300B3FE71 /* CoreStock.m */,
				93DD2C5617A3E35900B3FE71 /* CoreTradeEvent.h */,
				93DD2C5717A3E35900B3FE71 /* CoreTradeEvent.m */,
			);
			name = Objects;
			sourceTree = "<group>";
		};
		93E19F6F17A36420000D60B5 = {
			isa = PBXGroup;
			children = (
				93C7138D17A3FCBC00258C6A /* themodel.xcdatamodeld */,
				93E19F8117A36420000D60B5 /* BayTrade */,
				93E19FB017A36420000D60B5 /* BayTradeTests */,
				93E19F7A17A36420000D60B5 /* Frameworks */,
				93E19F7917A36420000D60B5 /* Products */,
			);
			sourceTree = "<group>";
		};
		93E19F7917A36420000D60B5 /* Products */ = {
			isa = PBXGroup;
			children = (
				93E19F7817A36420000D60B5 /* BayTrade.app */,
				93E19FA917A36420000D60B5 /* BayTradeTests.octest */,
			);
			name = Products;
			sourceTree = "<group>";
		};
		93E19F7A17A36420000D60B5 /* Frameworks */ = {
			isa = PBXGroup;
			children = (
				52365560185FC0BA00AB71DD /* libCorePlot-CocoaTouch.a */,
				52365511185FC07C00AB71DD /* CorePlotHeaders */,
				93F20DA9185D85F100F546D4 /* StackMob-v2.2.0 */,
				52FD82AD180F2CE300DCF967 /* QuartzCore.framework */,
				5251229F17D774FC00A8782B /* FacebookSDK.framework */,
				93D5A0CC17A3C75300ECA5D8 /* CoreLocation.framework */,
				93D5A0CA17A3C74500ECA5D8 /* MobileCoreServices.framework */,
				93D5A0C817A3C73B00ECA5D8 /* SystemConfiguration.framework */,
				93D5A0C617A3C73100ECA5D8 /* Security.framework */,
				93D5A0C417A3C72100ECA5D8 /* CoreData.framework */,
				93E19F7B17A36420000D60B5 /* UIKit.framework */,
				93E19F7D17A36420000D60B5 /* Foundation.framework */,
				93E19F7F17A36420000D60B5 /* CoreGraphics.framework */,
				93E19FAA17A36420000D60B5 /* SenTestingKit.framework */,
			);
			name = Frameworks;
			sourceTree = "<group>";
		};
		93E19F8117A36420000D60B5 /* BayTrade */ = {
			isa = PBXGroup;
			children = (
				93E19F9317A36420000D60B5 /* MainStoryboard.storyboard */,
				7DF8F95417BC5CC7005553A1 /* BT_AppDelegate.h */,
				93E19F8B17A36420000D60B5 /* BT_AppDelegate.m */,
				931713F217A3792200B7D377 /* Controller.h */,
				931713F317A3792200B7D377 /* Controller.m */,
				525122A217D7757300A8782B /* View Controllers */,
				525122A317D7759100A8782B /* Objects */,
				93E19F8217A36420000D60B5 /* Supporting Files */,
			);
			path = BayTrade;
			sourceTree = "<group>";
		};
		93E19F8217A36420000D60B5 /* Supporting Files */ = {
			isa = PBXGroup;
			children = (
				525122A117D7755500A8782B /* Images */,
				528E8BA117E379B7006E21FB /* UIColor+BTFlatColors.h */,
				528E8BA217E379B7006E21FB /* UIColor+BTFlatColors.m */,
				93E19F8317A36420000D60B5 /* BayTrade-Info.plist */,
				93E19F8417A36420000D60B5 /* InfoPlist.strings */,
				93E19F8717A36420000D60B5 /* main.m */,
				93E19F8917A36420000D60B5 /* BayTrade-Prefix.pch */,
			);
			name = "Supporting Files";
			sourceTree = "<group>";
		};
		93E19FB017A36420000D60B5 /* BayTradeTests */ = {
			isa = PBXGroup;
			children = (
				93E19FB617A36420000D60B5 /* BayTradeTests.h */,
				93E19FB717A36420000D60B5 /* BayTradeTests.m */,
				93E19FB117A36420000D60B5 /* Supporting Files */,
			);
			path = BayTradeTests;
			sourceTree = "<group>";
		};
		93E19FB117A36420000D60B5 /* Supporting Files */ = {
			isa = PBXGroup;
			children = (
				93E19FB217A36420000D60B5 /* BayTradeTests-Info.plist */,
				93E19FB317A36420000D60B5 /* InfoPlist.strings */,
			);
			name = "Supporting Files";
			sourceTree = "<group>";
		};
		93F20DA9185D85F100F546D4 /* StackMob-v2.2.0 */ = {
			isa = PBXGroup;
			children = (
				93F20DAA185D85F100F546D4 /* CHANGELOG.md */,
				93F20DAB185D85F100F546D4 /* Headers */,
				93F20DE1185D85F100F546D4 /* libstackmob-v2.2.0.a */,
			);
			path = "StackMob-v2.2.0";
			sourceTree = "<group>";
		};
		93F20DAB185D85F100F546D4 /* Headers */ = {
			isa = PBXGroup;
			children = (
				93F20DAC185D85F100F546D4 /* AFHTTPClient+StackMob.h */,
				93F20DAD185D85F100F546D4 /* AFHTTPRequestOperation+RemoveContentType.h */,
				93F20DAE185D85F100F546D4 /* AFNetworking */,
				93F20DB9185D85F100F546D4 /* Base64EncodedStringFromData.h */,
				93F20DBA185D85F100F546D4 /* Common.h */,
				93F20DBB185D85F100F546D4 /* FileManagement.h */,
				93F20DBC185D85F100F546D4 /* KeychainWrapper.h */,
				93F20DBD185D85F100F546D4 /* NSArray+Enumerable.h */,
				93F20DBE185D85F100F546D4 /* NSDictionary+AtomicCounter.h */,
				93F20DBF185D85F100F546D4 /* NSEntityDescription+StackMobSerialization.h */,
				93F20DC0185D85F100F546D4 /* NSManagedObject+StackMobSerialization.h */,
				93F20DC1185D85F100F546D4 /* NSManagedObjectContext+Concurrency.h */,
				93F20DC2185D85F100F546D4 /* SMBinaryDataConversion.h */,
				93F20DC3185D85F100F546D4 /* SMClient.h */,
				93F20DC4185D85F100F546D4 /* SMCoreDataStore.h */,
				93F20DC5185D85F100F546D4 /* SMCustomCodeRequest.h */,
				93F20DC6185D85F100F546D4 /* SMDataStore+Protected.h */,
				93F20DC7185D85F100F546D4 /* SMDataStore.h */,
				93F20DC8185D85F100F546D4 /* SMError.h */,
				93F20DC9185D85F100F546D4 /* SMGeoPoint.h */,
				93F20DCA185D85F100F546D4 /* SMHTTPRequestOperation.h */,
				93F20DCB185D85F100F546D4 /* SMIncrementalStore+Query.h */,
				93F20DCC185D85F100F546D4 /* SMIncrementalStore.h */,
				93F20DCD185D85F100F546D4 /* SMIncrementalStoreNode.h */,
				93F20DCE185D85F100F546D4 /* SMJSONRequestOperation.h */,
				93F20DCF185D85F100F546D4 /* SMLocationManager.h */,
				93F20DD0185D85F100F546D4 /* SMNetworkReachability.h */,
				93F20DD1185D85F100F546D4 /* SMOAuth1Client.h */,
				93F20DD2185D85F100F546D4 /* SMOAuth2Client.h */,
				93F20DD3185D85F100F546D4 /* SMPredicate.h */,
				93F20DD4185D85F100F546D4 /* SMPushClient.h */,
				93F20DD5185D85F100F546D4 /* SMPushToken.h */,
				93F20DD6185D85F100F546D4 /* SMQuery.h */,
				93F20DD7185D85F100F546D4 /* SMRequestOptions.h */,
				93F20DD8185D85F100F546D4 /* SMResponseBlocks.h */,
				93F20DD9185D85F100F546D4 /* SMSyncedObject.h */,
				93F20DDA185D85F100F546D4 /* SMUserManagedObject.h */,
				93F20DDB185D85F100F546D4 /* SMUserSession.h */,
				93F20DDC185D85F100F546D4 /* SMVersion.h */,
				93F20DDD185D85F100F546D4 /* StackMob.h */,
				93F20DDE185D85F100F546D4 /* StackMobPush.h */,
				93F20DDF185D85F100F546D4 /* Synchronization.h */,
				93F20DE0185D85F100F546D4 /* SystemInformation.h */,
			);
			path = Headers;
			sourceTree = "<group>";
		};
		93F20DAE185D85F100F546D4 /* AFNetworking */ = {
			isa = PBXGroup;
			children = (
				93F20DAF185D85F100F546D4 /* AFHTTPClient.h */,
				93F20DB0185D85F100F546D4 /* AFHTTPRequestOperation.h */,
				93F20DB1185D85F100F546D4 /* AFImageRequestOperation.h */,
				93F20DB2185D85F100F546D4 /* AFJSONRequestOperation.h */,
				93F20DB3185D85F100F546D4 /* AFNetworkActivityIndicatorManager.h */,
				93F20DB4185D85F100F546D4 /* AFNetworking.h */,
				93F20DB5185D85F100F546D4 /* AFPropertyListRequestOperation.h */,
				93F20DB6185D85F100F546D4 /* AFURLConnectionOperation.h */,
				93F20DB7185D85F100F546D4 /* AFXMLRequestOperation.h */,
				93F20DB8185D85F100F546D4 /* UIImageView+AFNetworking.h */,
			);
			path = AFNetworking;
			sourceTree = "<group>";
		};
/* End PBXGroup section */

/* Begin PBXNativeTarget section */
		93E19F7717A36420000D60B5 /* BayTrade */ = {
			isa = PBXNativeTarget;
			buildConfigurationList = 93E19FBB17A36420000D60B5 /* Build configuration list for PBXNativeTarget "BayTrade" */;
			buildPhases = (
				93E19F7417A36420000D60B5 /* Sources */,
				93E19F7517A36420000D60B5 /* Frameworks */,
				93E19F7617A36420000D60B5 /* Resources */,
			);
			buildRules = (
			);
			dependencies = (
			);
			name = BayTrade;
			productName = BayTrade;
			productReference = 93E19F7817A36420000D60B5 /* BayTrade.app */;
			productType = "com.apple.product-type.application";
		};
		93E19FA817A36420000D60B5 /* BayTradeTests */ = {
			isa = PBXNativeTarget;
			buildConfigurationList = 93E19FBE17A36420000D60B5 /* Build configuration list for PBXNativeTarget "BayTradeTests" */;
			buildPhases = (
				93E19FA417A36420000D60B5 /* Sources */,
				93E19FA517A36420000D60B5 /* Frameworks */,
				93E19FA617A36420000D60B5 /* Resources */,
				93E19FA717A36420000D60B5 /* ShellScript */,
			);
			buildRules = (
			);
			dependencies = (
				93E19FAF17A36420000D60B5 /* PBXTargetDependency */,
			);
			name = BayTradeTests;
			productName = BayTradeTests;
			productReference = 93E19FA917A36420000D60B5 /* BayTradeTests.octest */;
			productType = "com.apple.product-type.bundle";
		};
/* End PBXNativeTarget section */

/* Begin PBXProject section */
		93E19F7017A36420000D60B5 /* Project object */ = {
			isa = PBXProject;
			attributes = {
				CLASSPREFIX = BT_;
				LastUpgradeCheck = 0460;
				ORGANIZATIONNAME = byteNsell;
			};
			buildConfigurationList = 93E19F7317A36420000D60B5 /* Build configuration list for PBXProject "BayTrade" */;
			compatibilityVersion = "Xcode 3.2";
			developmentRegion = English;
			hasScannedForEncodings = 0;
			knownRegions = (
				en,
			);
			mainGroup = 93E19F6F17A36420000D60B5;
			productRefGroup = 93E19F7917A36420000D60B5 /* Products */;
			projectDirPath = "";
			projectRoot = "";
			targets = (
				93E19F7717A36420000D60B5 /* BayTrade */,
				93E19FA817A36420000D60B5 /* BayTradeTests */,
			);
		};
/* End PBXProject section */

/* Begin PBXResourcesBuildPhase section */
		93E19F7617A36420000D60B5 /* Resources */ = {
			isa = PBXResourcesBuildPhase;
			buildActionMask = 2147483647;
			files = (
				93E19F8617A36420000D60B5 /* InfoPlist.strings in Resources */,
				93E19F8E17A36420000D60B5 /* Default.png in Resources */,
				93E19F9017A36420000D60B5 /* Default@2x.png in Resources */,
				93E19F9217A36420000D60B5 /* Default-568h@2x.png in Resources */,
				93E19F9517A36420000D60B5 /* MainStoryboard.storyboard in Resources */,
				9307A2EE17A43E6B00E647DF /* wallpaper.jpg in Resources */,
				93F20DE2185D85F100F546D4 /* CHANGELOG.md in Resources */,
				9307A2F417A44D2D00E647DF /* arrow-big-12.png in Resources */,
				9307A2F517A44D2D00E647DF /* bar-chart.png in Resources */,
				9307A2F617A44D2D00E647DF /* briefcase.png in Resources */,
				9307A2F717A44D2D00E647DF /* clock.png in Resources */,
				9307A2F817A44D2D00E647DF /* home.png in Resources */,
				525122AD17D976CD00A8782B /* login_unpressed.png in Resources */,
				525122AE17D976CD00A8782B /* login_pressed.png in Resources */,
				525122BA17DF9D7700A8782B /* greenArrow.png in Resources */,
				52365563185FF02E00AB71DD /* silhouette.jpg in Resources */,
				525122BB17DF9D7700A8782B /* redArrow.png in Resources */,
				93294D7F17E4029300CD7F42 /* portfoliohistory.txt in Resources */,
			);
			runOnlyForDeploymentPostprocessing = 0;
		};
		93E19FA617A36420000D60B5 /* Resources */ = {
			isa = PBXResourcesBuildPhase;
			buildActionMask = 2147483647;
			files = (
				93E19FB517A36420000D60B5 /* InfoPlist.strings in Resources */,
			);
			runOnlyForDeploymentPostprocessing = 0;
		};
/* End PBXResourcesBuildPhase section */

/* Begin PBXShellScriptBuildPhase section */
		93E19FA717A36420000D60B5 /* ShellScript */ = {
			isa = PBXShellScriptBuildPhase;
			buildActionMask = 2147483647;
			files = (
			);
			inputPaths = (
			);
			outputPaths = (
			);
			runOnlyForDeploymentPostprocessing = 0;
			shellPath = /bin/sh;
			shellScript = "# Run the unit tests in this test bundle.\n\"${SYSTEM_DEVELOPER_DIR}/Tools/RunUnitTests\"\n";
		};
/* End PBXShellScriptBuildPhase section */

/* Begin PBXSourcesBuildPhase section */
		93E19F7417A36420000D60B5 /* Sources */ = {
			isa = PBXSourcesBuildPhase;
			buildActionMask = 2147483647;
			files = (
				52FD82AC180F24D000DCF967 /* BT_GraphAnimationView.m in Sources */,
				528E8BA417E37BD2006E21FB /* UIColor+BTFlatColors.m in Sources */,
				93F4DEB0183821490004D8BA /* StockOrder.m in Sources */,
				93E19F8817A36420000D60B5 /* main.m in Sources */,
				93E19F8C17A36420000D60B5 /* BT_AppDelegate.m in Sources */,
				93E19F9817A36420000D60B5 /* BT_HomeViewController.m in Sources */,
				93E19F9F17A36420000D60B5 /* BT_TradeViewController.m in Sources */,
				93E19FC317A36492000D60B5 /* BT_TabBarController.m in Sources */,
				93E19FCB17A365E9000D60B5 /* Cache.m in Sources */,
				931713F417A3792200B7D377 /* Controller.m in Sources */,
				931713F717A382DF00B7D377 /* BT_HistoryViewController.m in Sources */,
				93DD2C5817A3E35900B3FE71 /* CoreTradeEvent.m in Sources */,
				93DD2C5B17A3E38300B3FE71 /* CoreStock.m in Sources */,
				93DD2C5E17A3E39600B3FE71 /* CorePortfolio.m in Sources */,
				93DD2C6117A3E3AB00B3FE71 /* CoreModel.m in Sources */,
				93C7138F17A3FCBC00258C6A /* themodel.xcdatamodeld in Sources */,
				7D06431D17BAE70800889177 /* BT_LoginViewController.m in Sources */,
				525122B717DF960900A8782B /* BT_TickerView.m in Sources */,
				525122BE17E0227200A8782B /* BT_PortfolioTileViewController.m in Sources */,
				525122C117E16C3200A8782B /* BT_RankingsViewController.m in Sources */,
				525122C417E1FD3F00A8782B /* BT_PieChartView.m in Sources */,
				52D23B9917E25031000B6335 /* BT_SplashViewController.m in Sources */,
				93294D7D17E4013A00CD7F42 /* CorePortfolioHistory.m in Sources */,
			);
			runOnlyForDeploymentPostprocessing = 0;
		};
		93E19FA417A36420000D60B5 /* Sources */ = {
			isa = PBXSourcesBuildPhase;
			buildActionMask = 2147483647;
			files = (
				93E19FB817A36420000D60B5 /* BayTradeTests.m in Sources */,
				7DF8F95717BC7F91005553A1 /* User.m in Sources */,
				528E8BA317E379B7006E21FB /* UIColor+BTFlatColors.m in Sources */,
			);
			runOnlyForDeploymentPostprocessing = 0;
		};
/* End PBXSourcesBuildPhase section */

/* Begin PBXTargetDependency section */
		93E19FAF17A36420000D60B5 /* PBXTargetDependency */ = {
			isa = PBXTargetDependency;
			target = 93E19F7717A36420000D60B5 /* BayTrade */;
			targetProxy = 93E19FAE17A36420000D60B5 /* PBXContainerItemProxy */;
		};
/* End PBXTargetDependency section */

/* Begin PBXVariantGroup section */
		93E19F8417A36420000D60B5 /* InfoPlist.strings */ = {
			isa = PBXVariantGroup;
			children = (
				93E19F8517A36420000D60B5 /* en */,
			);
			name = InfoPlist.strings;
			sourceTree = "<group>";
		};
		93E19F9317A36420000D60B5 /* MainStoryboard.storyboard */ = {
			isa = PBXVariantGroup;
			children = (
				93E19F9417A36420000D60B5 /* en */,
			);
			name = MainStoryboard.storyboard;
			sourceTree = "<group>";
		};
		93E19FB317A36420000D60B5 /* InfoPlist.strings */ = {
			isa = PBXVariantGroup;
			children = (
				93E19FB417A36420000D60B5 /* en */,
			);
			name = InfoPlist.strings;
			sourceTree = "<group>";
		};
/* End PBXVariantGroup section */

/* Begin XCBuildConfiguration section */
		93E19FB917A36420000D60B5 /* Debug */ = {
			isa = XCBuildConfiguration;
			buildSettings = {
				ALWAYS_SEARCH_USER_PATHS = NO;
				CLANG_CXX_LANGUAGE_STANDARD = "gnu++0x";
				CLANG_CXX_LIBRARY = "libc++";
				CLANG_ENABLE_OBJC_ARC = YES;
				CLANG_WARN_CONSTANT_CONVERSION = YES;
				CLANG_WARN_EMPTY_BODY = YES;
				CLANG_WARN_ENUM_CONVERSION = YES;
				CLANG_WARN_INT_CONVERSION = YES;
				CLANG_WARN__DUPLICATE_METHOD_MATCH = YES;
				"CODE_SIGN_IDENTITY[sdk=iphoneos*]" = "iPhone Developer";
				COPY_PHASE_STRIP = NO;
				GCC_C_LANGUAGE_STANDARD = gnu99;
				GCC_DYNAMIC_NO_PIC = NO;
				GCC_OPTIMIZATION_LEVEL = 0;
				GCC_PREPROCESSOR_DEFINITIONS = (
					"DEBUG=1",
					"$(inherited)",
				);
				GCC_SYMBOLS_PRIVATE_EXTERN = NO;
				GCC_WARN_ABOUT_RETURN_TYPE = YES;
				GCC_WARN_UNINITIALIZED_AUTOS = YES;
				GCC_WARN_UNUSED_VARIABLE = YES;
				IPHONEOS_DEPLOYMENT_TARGET = 6.1;
				ONLY_ACTIVE_ARCH = YES;
				SDKROOT = iphoneos;
			};
			name = Debug;
		};
		93E19FBA17A36420000D60B5 /* Release */ = {
			isa = XCBuildConfiguration;
			buildSettings = {
				ALWAYS_SEARCH_USER_PATHS = NO;
				CLANG_CXX_LANGUAGE_STANDARD = "gnu++0x";
				CLANG_CXX_LIBRARY = "libc++";
				CLANG_ENABLE_OBJC_ARC = YES;
				CLANG_WARN_CONSTANT_CONVERSION = YES;
				CLANG_WARN_EMPTY_BODY = YES;
				CLANG_WARN_ENUM_CONVERSION = YES;
				CLANG_WARN_INT_CONVERSION = YES;
				CLANG_WARN__DUPLICATE_METHOD_MATCH = YES;
				"CODE_SIGN_IDENTITY[sdk=iphoneos*]" = "iPhone Developer";
				COPY_PHASE_STRIP = YES;
				GCC_C_LANGUAGE_STANDARD = gnu99;
				GCC_WARN_ABOUT_RETURN_TYPE = YES;
				GCC_WARN_UNINITIALIZED_AUTOS = YES;
				GCC_WARN_UNUSED_VARIABLE = YES;
				IPHONEOS_DEPLOYMENT_TARGET = 6.1;
				OTHER_CFLAGS = "-DNS_BLOCK_ASSERTIONS=1";
				SDKROOT = iphoneos;
				VALIDATE_PRODUCT = YES;
			};
			name = Release;
		};
		93E19FBC17A36420000D60B5 /* Debug */ = {
			isa = XCBuildConfiguration;
			buildSettings = {
				FRAMEWORK_SEARCH_PATHS = (
					"$(inherited)",
					"\"$(SYSTEM_APPS_DIR)/Xcode.app/Contents/Developer/Library/Frameworks\"",
					"\"$(SRCROOT)/..\"",
					"\"$(SRCROOT)\"",
				);
				GCC_PRECOMPILE_PREFIX_HEADER = YES;
				GCC_PREFIX_HEADER = "BayTrade/BayTrade-Prefix.pch";
				INFOPLIST_FILE = "BayTrade/BayTrade-Info.plist";
				LIBRARY_SEARCH_PATHS = (
					"$(inherited)",
					"$(SRCROOT)/StackMob-v2.2.0",
					"/Users/john/devNew/MYSE/StackMob-v2.2.0",
					/Users/john/devNew/MYSE,
				);
				OTHER_LDFLAGS = (
					"-ObjC",
					"-ObjC",
					"-all_load",
				);
				PRODUCT_NAME = "$(TARGET_NAME)";
				WRAPPER_EXTENSION = app;
			};
			name = Debug;
		};
		93E19FBD17A36420000D60B5 /* Release */ = {
			isa = XCBuildConfiguration;
			buildSettings = {
				FRAMEWORK_SEARCH_PATHS = (
					"$(inherited)",
					"\"$(SYSTEM_APPS_DIR)/Xcode.app/Contents/Developer/Library/Frameworks\"",
					"\"$(SRCROOT)/..\"",
					"\"$(SRCROOT)\"",
				);
				GCC_PRECOMPILE_PREFIX_HEADER = YES;
				GCC_PREFIX_HEADER = "BayTrade/BayTrade-Prefix.pch";
				INFOPLIST_FILE = "BayTrade/BayTrade-Info.plist";
				LIBRARY_SEARCH_PATHS = (
					"$(inherited)",
					"\\\\\\\\\\\\\\\"$(SRCROOT)/StackMob-v2.0.0\\\\\\\\\\\\\\\"",
					"/Users/pabrai/Desktop/MYSE/StackMob-v2.2.0",
					"/Users/john/devNew/MYSE/StackMob-v2.2.0",
					/Users/john/devNew/MYSE,
				);
				OTHER_LDFLAGS = (
					"-ObjC",
					"-ObjC",
					"-all_load",
				);
				PRODUCT_NAME = "$(TARGET_NAME)";
				WRAPPER_EXTENSION = app;
			};
			name = Release;
		};
		93E19FBF17A36420000D60B5 /* Debug */ = {
			isa = XCBuildConfiguration;
			buildSettings = {
				BUNDLE_LOADER = "$(BUILT_PRODUCTS_DIR)/BayTrade.app/BayTrade";
				FRAMEWORK_SEARCH_PATHS = (
					"\"$(SDKROOT)/Developer/Library/Frameworks\"",
					"\"$(DEVELOPER_LIBRARY_DIR)/Frameworks\"",
					"\"$(SRCROOT)/BayTradeTests\"",
					"\"$(SRCROOT)\"",
				);
				GCC_PRECOMPILE_PREFIX_HEADER = YES;
				GCC_PREFIX_HEADER = "BayTrade/BayTrade-Prefix.pch";
				INFOPLIST_FILE = "BayTradeTests/BayTradeTests-Info.plist";
				PRODUCT_NAME = "$(TARGET_NAME)";
				TEST_HOST = "$(BUNDLE_LOADER)";
				WRAPPER_EXTENSION = octest;
			};
			name = Debug;
		};
		93E19FC017A36420000D60B5 /* Release */ = {
			isa = XCBuildConfiguration;
			buildSettings = {
				BUNDLE_LOADER = "$(BUILT_PRODUCTS_DIR)/BayTrade.app/BayTrade";
				FRAMEWORK_SEARCH_PATHS = (
					"\"$(SDKROOT)/Developer/Library/Frameworks\"",
					"\"$(DEVELOPER_LIBRARY_DIR)/Frameworks\"",
					"\"$(SRCROOT)/BayTradeTests\"",
					"\"$(SRCROOT)\"",
				);
				GCC_PRECOMPILE_PREFIX_HEADER = YES;
				GCC_PREFIX_HEADER = "BayTrade/BayTrade-Prefix.pch";
				INFOPLIST_FILE = "BayTradeTests/BayTradeTests-Info.plist";
				PRODUCT_NAME = "$(TARGET_NAME)";
				TEST_HOST = "$(BUNDLE_LOADER)";
				WRAPPER_EXTENSION = octest;
			};
			name = Release;
		};
/* End XCBuildConfiguration section */

/* Begin XCConfigurationList section */
		93E19F7317A36420000D60B5 /* Build configuration list for PBXProject "BayTrade" */ = {
			isa = XCConfigurationList;
			buildConfigurations = (
				93E19FB917A36420000D60B5 /* Debug */,
				93E19FBA17A36420000D60B5 /* Release */,
			);
			defaultConfigurationIsVisible = 0;
			defaultConfigurationName = Release;
		};
		93E19FBB17A36420000D60B5 /* Build configuration list for PBXNativeTarget "BayTrade" */ = {
			isa = XCConfigurationList;
			buildConfigurations = (
				93E19FBC17A36420000D60B5 /* Debug */,
				93E19FBD17A36420000D60B5 /* Release */,
			);
			defaultConfigurationIsVisible = 0;
			defaultConfigurationName = Release;
		};
		93E19FBE17A36420000D60B5 /* Build configuration list for PBXNativeTarget "BayTradeTests" */ = {
			isa = XCConfigurationList;
			buildConfigurations = (
				93E19FBF17A36420000D60B5 /* Debug */,
				93E19FC017A36420000D60B5 /* Release */,
			);
			defaultConfigurationIsVisible = 0;
			defaultConfigurationName = Release;
		};
/* End XCConfigurationList section */

/* Begin XCVersionGroup section */
		93C7138D17A3FCBC00258C6A /* themodel.xcdatamodeld */ = {
			isa = XCVersionGroup;
			children = (
				93C7138E17A3FCBC00258C6A /* themodel.xcdatamodel */,
			);
			currentVersion = 93C7138E17A3FCBC00258C6A /* themodel.xcdatamodel */;
			path = themodel.xcdatamodeld;
			sourceTree = "<group>";
			versionGroupType = wrapper.xcdatamodel;
		};
/* End XCVersionGroup section */
	};
	rootObject = 93E19F7017A36420000D60B5 /* Project object */;
}
